// !$*UTF8*$!
{
	archiveVersion = 1;
	classes = {
	};
	objectVersion = 56;
	objects = {

/* Begin PBXBuildFile section */
		948903E72ADD32BA0043BAE9 /* OnboardingViewControllerWrapper.swift in Sources */ = {isa = PBXBuildFile; fileRef = 948903E12ADD32BA0043BAE9 /* OnboardingViewControllerWrapper.swift */; };
		948903E82ADD32BA0043BAE9 /* LaunchScreen.storyboard in Resources */ = {isa = PBXBuildFile; fileRef = 948903E22ADD32BA0043BAE9 /* LaunchScreen.storyboard */; };
		948903E92ADD32BA0043BAE9 /* Main.storyboard in Resources */ = {isa = PBXBuildFile; fileRef = 948903E32ADD32BA0043BAE9 /* Main.storyboard */; };
		948903EA2ADD32BA0043BAE9 /* OnboardingViewController.swift in Sources */ = {isa = PBXBuildFile; fileRef = 948903E42ADD32BA0043BAE9 /* OnboardingViewController.swift */; };
		948903EB2ADD32BA0043BAE9 /* UnsupportedDevice.storyboard in Resources */ = {isa = PBXBuildFile; fileRef = 948903E52ADD32BA0043BAE9 /* UnsupportedDevice.storyboard */; };
		948903EC2ADD32BA0043BAE9 /* RoomCaptureViewController.swift in Sources */ = {isa = PBXBuildFile; fileRef = 948903E62ADD32BA0043BAE9 /* RoomCaptureViewController.swift */; };
		97B042372AD67CEA00B9478D /* CanvasView.swift in Sources */ = {isa = PBXBuildFile; fileRef = 97B042362AD67CEA00B9478D /* CanvasView.swift */; };
		97B042392AD67CF600B9478D /* TopToolbarView.swift in Sources */ = {isa = PBXBuildFile; fileRef = 97B042382AD67CF600B9478D /* TopToolbarView.swift */; };
		97B0423B2AD67D1500B9478D /* SizePopUpView.swift in Sources */ = {isa = PBXBuildFile; fileRef = 97B0423A2AD67D1500B9478D /* SizePopUpView.swift */; };
		97B042432AD7CED100B9478D /* ObjectSidebarView.swift in Sources */ = {isa = PBXBuildFile; fileRef = 97B042422AD7CED100B9478D /* ObjectSidebarView.swift */; };
		97B042452AD7CEE000B9478D /* RoomSidebarView.swift in Sources */ = {isa = PBXBuildFile; fileRef = 97B042442AD7CEE000B9478D /* RoomSidebarView.swift */; };
		97B0424B2AD7DA7200B9478D /* CanvasViewModel.swift in Sources */ = {isa = PBXBuildFile; fileRef = 97B0424A2AD7DA7200B9478D /* CanvasViewModel.swift */; };
		97B0424D2AD7E1B800B9478D /* ColorExt.swift in Sources */ = {isa = PBXBuildFile; fileRef = 97B0424C2AD7E1B800B9478D /* ColorExt.swift */; };
		97B0424F2AD7F54F00B9478D /* ImportButtonView.swift in Sources */ = {isa = PBXBuildFile; fileRef = 97B0424E2AD7F54F00B9478D /* ImportButtonView.swift */; };
		97B042512AD91EA100B9478D /* ToolbarView.swift in Sources */ = {isa = PBXBuildFile; fileRef = 97B042502AD91EA100B9478D /* ToolbarView.swift */; };
		97B042532AD91EBA00B9478D /* ToolbarModel.swift in Sources */ = {isa = PBXBuildFile; fileRef = 97B042522AD91EBA00B9478D /* ToolbarModel.swift */; };
		97B0425B2ADA506A00B9478D /* DocumentView.swift in Sources */ = {isa = PBXBuildFile; fileRef = 97B0425A2ADA506A00B9478D /* DocumentView.swift */; };
		97B0425D2ADC155600B9478D /* TransitionExt.swift in Sources */ = {isa = PBXBuildFile; fileRef = 97B0425C2ADC155600B9478D /* TransitionExt.swift */; };
		BE1AE87A2AD3D65800F586CD /* macro2023App.swift in Sources */ = {isa = PBXBuildFile; fileRef = BE1AE8792AD3D65800F586CD /* macro2023App.swift */; };
		BE1AE87C2AD3D65800F586CD /* ContentView.swift in Sources */ = {isa = PBXBuildFile; fileRef = BE1AE87B2AD3D65800F586CD /* ContentView.swift */; };
		BE1AE87E2AD3D65900F586CD /* Assets.xcassets in Resources */ = {isa = PBXBuildFile; fileRef = BE1AE87D2AD3D65900F586CD /* Assets.xcassets */; };
		BE1AE8812AD3D65900F586CD /* Preview Assets.xcassets in Resources */ = {isa = PBXBuildFile; fileRef = BE1AE8802AD3D65900F586CD /* Preview Assets.xcassets */; };
/* End PBXBuildFile section */

/* Begin PBXFileReference section */
		948903E12ADD32BA0043BAE9 /* OnboardingViewControllerWrapper.swift */ = {isa = PBXFileReference; fileEncoding = 4; lastKnownFileType = sourcecode.swift; path = OnboardingViewControllerWrapper.swift; sourceTree = "<group>"; };
		948903E22ADD32BA0043BAE9 /* LaunchScreen.storyboard */ = {isa = PBXFileReference; fileEncoding = 4; lastKnownFileType = file.storyboard; path = LaunchScreen.storyboard; sourceTree = "<group>"; };
		948903E32ADD32BA0043BAE9 /* Main.storyboard */ = {isa = PBXFileReference; fileEncoding = 4; lastKnownFileType = file.storyboard; path = Main.storyboard; sourceTree = "<group>"; };
		948903E42ADD32BA0043BAE9 /* OnboardingViewController.swift */ = {isa = PBXFileReference; fileEncoding = 4; lastKnownFileType = sourcecode.swift; path = OnboardingViewController.swift; sourceTree = "<group>"; };
		948903E52ADD32BA0043BAE9 /* UnsupportedDevice.storyboard */ = {isa = PBXFileReference; fileEncoding = 4; lastKnownFileType = file.storyboard; path = UnsupportedDevice.storyboard; sourceTree = "<group>"; };
		948903E62ADD32BA0043BAE9 /* RoomCaptureViewController.swift */ = {isa = PBXFileReference; fileEncoding = 4; lastKnownFileType = sourcecode.swift; path = RoomCaptureViewController.swift; sourceTree = "<group>"; };
		97B042362AD67CEA00B9478D /* CanvasView.swift */ = {isa = PBXFileReference; lastKnownFileType = sourcecode.swift; path = CanvasView.swift; sourceTree = "<group>"; };
		97B042382AD67CF600B9478D /* TopToolbarView.swift */ = {isa = PBXFileReference; lastKnownFileType = sourcecode.swift; path = TopToolbarView.swift; sourceTree = "<group>"; };
		97B0423A2AD67D1500B9478D /* SizePopUpView.swift */ = {isa = PBXFileReference; lastKnownFileType = sourcecode.swift; path = SizePopUpView.swift; sourceTree = "<group>"; };
		97B042422AD7CED100B9478D /* ObjectSidebarView.swift */ = {isa = PBXFileReference; lastKnownFileType = sourcecode.swift; path = ObjectSidebarView.swift; sourceTree = "<group>"; };
		97B042442AD7CEE000B9478D /* RoomSidebarView.swift */ = {isa = PBXFileReference; lastKnownFileType = sourcecode.swift; path = RoomSidebarView.swift; sourceTree = "<group>"; };
		97B0424A2AD7DA7200B9478D /* CanvasViewModel.swift */ = {isa = PBXFileReference; lastKnownFileType = sourcecode.swift; path = CanvasViewModel.swift; sourceTree = "<group>"; };
		97B0424C2AD7E1B800B9478D /* ColorExt.swift */ = {isa = PBXFileReference; lastKnownFileType = sourcecode.swift; path = ColorExt.swift; sourceTree = "<group>"; };
		97B0424E2AD7F54F00B9478D /* ImportButtonView.swift */ = {isa = PBXFileReference; lastKnownFileType = sourcecode.swift; path = ImportButtonView.swift; sourceTree = "<group>"; };
		97B042502AD91EA100B9478D /* ToolbarView.swift */ = {isa = PBXFileReference; lastKnownFileType = sourcecode.swift; path = ToolbarView.swift; sourceTree = "<group>"; };
		97B042522AD91EBA00B9478D /* ToolbarModel.swift */ = {isa = PBXFileReference; lastKnownFileType = sourcecode.swift; path = ToolbarModel.swift; sourceTree = "<group>"; };
		97B0425A2ADA506A00B9478D /* DocumentView.swift */ = {isa = PBXFileReference; lastKnownFileType = sourcecode.swift; path = DocumentView.swift; sourceTree = "<group>"; };
		97B0425C2ADC155600B9478D /* TransitionExt.swift */ = {isa = PBXFileReference; lastKnownFileType = sourcecode.swift; path = TransitionExt.swift; sourceTree = "<group>"; };
		BE1AE8762AD3D65800F586CD /* macro2023.app */ = {isa = PBXFileReference; explicitFileType = wrapper.application; includeInIndex = 0; path = macro2023.app; sourceTree = BUILT_PRODUCTS_DIR; };
		BE1AE8792AD3D65800F586CD /* macro2023App.swift */ = {isa = PBXFileReference; lastKnownFileType = sourcecode.swift; path = macro2023App.swift; sourceTree = "<group>"; };
		BE1AE87B2AD3D65800F586CD /* ContentView.swift */ = {isa = PBXFileReference; lastKnownFileType = sourcecode.swift; path = ContentView.swift; sourceTree = "<group>"; };
		BE1AE87D2AD3D65900F586CD /* Assets.xcassets */ = {isa = PBXFileReference; lastKnownFileType = folder.assetcatalog; path = Assets.xcassets; sourceTree = "<group>"; };
		BE1AE8802AD3D65900F586CD /* Preview Assets.xcassets */ = {isa = PBXFileReference; lastKnownFileType = folder.assetcatalog; path = "Preview Assets.xcassets"; sourceTree = "<group>"; };
/* End PBXFileReference section */

/* Begin PBXFrameworksBuildPhase section */
		BE1AE8732AD3D65800F586CD /* Frameworks */ = {
			isa = PBXFrameworksBuildPhase;
			buildActionMask = 2147483647;
			files = (
			);
			runOnlyForDeploymentPostprocessing = 0;
		};
/* End PBXFrameworksBuildPhase section */

/* Begin PBXGroup section */
		948903E02ADD32BA0043BAE9 /* RoomPlan */ = {
			isa = PBXGroup;
			children = (
				948903E12ADD32BA0043BAE9 /* OnboardingViewControllerWrapper.swift */,
				948903E22ADD32BA0043BAE9 /* LaunchScreen.storyboard */,
				948903E32ADD32BA0043BAE9 /* Main.storyboard */,
				948903E42ADD32BA0043BAE9 /* OnboardingViewController.swift */,
				948903E52ADD32BA0043BAE9 /* UnsupportedDevice.storyboard */,
				948903E62ADD32BA0043BAE9 /* RoomCaptureViewController.swift */,
			);
			path = RoomPlan;
			sourceTree = "<group>";
		};
		97B042352AD67CD300B9478D /* view */ = {
			isa = PBXGroup;
			children = (
				BE1AE87B2AD3D65800F586CD /* ContentView.swift */,
				97B042362AD67CEA00B9478D /* CanvasView.swift */,
				97B042382AD67CF600B9478D /* TopToolbarView.swift */,
				97B0423A2AD67D1500B9478D /* SizePopUpView.swift */,
				97B042422AD7CED100B9478D /* ObjectSidebarView.swift */,
				97B042442AD7CEE000B9478D /* RoomSidebarView.swift */,
				97B0424E2AD7F54F00B9478D /* ImportButtonView.swift */,
				97B042502AD91EA100B9478D /* ToolbarView.swift */,
				97B0425A2ADA506A00B9478D /* DocumentView.swift */,
			);
			path = view;
			sourceTree = "<group>";
		};
		97B042492AD7D96F00B9478D /* view-model */ = {
			isa = PBXGroup;
			children = (
				97B0424A2AD7DA7200B9478D /* CanvasViewModel.swift */,
				97B0424C2AD7E1B800B9478D /* ColorExt.swift */,
				97B0425C2ADC155600B9478D /* TransitionExt.swift */,
				97B042522AD91EBA00B9478D /* ToolbarModel.swift */,
			);
			path = "view-model";
			sourceTree = "<group>";
		};
		BE1AE86D2AD3D65800F586CD = {
			isa = PBXGroup;
			children = (
				BE1AE8782AD3D65800F586CD /* macro2023 */,
				BE1AE8772AD3D65800F586CD /* Products */,
			);
			sourceTree = "<group>";
		};
		BE1AE8772AD3D65800F586CD /* Products */ = {
			isa = PBXGroup;
			children = (
				BE1AE8762AD3D65800F586CD /* macro2023.app */,
			);
			name = Products;
			sourceTree = "<group>";
		};
		BE1AE8782AD3D65800F586CD /* macro2023 */ = {
			isa = PBXGroup;
			children = (
				BE1AE8792AD3D65800F586CD /* macro2023App.swift */,
				BE1AE87B2AD3D65800F586CD /* ContentView.swift */,
				948903E02ADD32BA0043BAE9 /* RoomPlan */,
				97B042492AD7D96F00B9478D /* view-model */,
				97B042352AD67CD300B9478D /* view */,
				BE1AE87D2AD3D65900F586CD /* Assets.xcassets */,
				BE1AE87F2AD3D65900F586CD /* Preview Content */,
			);
			path = macro2023;
			sourceTree = "<group>";
		};
		BE1AE87F2AD3D65900F586CD /* Preview Content */ = {
			isa = PBXGroup;
			children = (
				BE1AE8802AD3D65900F586CD /* Preview Assets.xcassets */,
			);
			path = "Preview Content";
			sourceTree = "<group>";
		};
/* End PBXGroup section */

/* Begin PBXNativeTarget section */
		BE1AE8752AD3D65800F586CD /* macro2023 */ = {
			isa = PBXNativeTarget;
			buildConfigurationList = BE1AE8842AD3D65900F586CD /* Build configuration list for PBXNativeTarget "macro2023" */;
			buildPhases = (
				BE1AE8722AD3D65800F586CD /* Sources */,
				BE1AE8732AD3D65800F586CD /* Frameworks */,
				BE1AE8742AD3D65800F586CD /* Resources */,
			);
			buildRules = (
			);
			dependencies = (
			);
			name = macro2023;
			productName = macro2023;
			productReference = BE1AE8762AD3D65800F586CD /* macro2023.app */;
			productType = "com.apple.product-type.application";
		};
/* End PBXNativeTarget section */

/* Begin PBXProject section */
		BE1AE86E2AD3D65800F586CD /* Project object */ = {
			isa = PBXProject;
			attributes = {
				BuildIndependentTargetsInParallel = 1;
				LastSwiftUpdateCheck = 1500;
				LastUpgradeCheck = 1500;
				TargetAttributes = {
					BE1AE8752AD3D65800F586CD = {
						CreatedOnToolsVersion = 15.0;
					};
				};
			};
			buildConfigurationList = BE1AE8712AD3D65800F586CD /* Build configuration list for PBXProject "macro2023" */;
			compatibilityVersion = "Xcode 14.0";
			developmentRegion = en;
			hasScannedForEncodings = 0;
			knownRegions = (
				en,
				Base,
			);
			mainGroup = BE1AE86D2AD3D65800F586CD;
			productRefGroup = BE1AE8772AD3D65800F586CD /* Products */;
			projectDirPath = "";
			projectRoot = "";
			targets = (
				BE1AE8752AD3D65800F586CD /* macro2023 */,
			);
		};
/* End PBXProject section */

/* Begin PBXResourcesBuildPhase section */
		BE1AE8742AD3D65800F586CD /* Resources */ = {
			isa = PBXResourcesBuildPhase;
			buildActionMask = 2147483647;
			files = (
				948903EB2ADD32BA0043BAE9 /* UnsupportedDevice.storyboard in Resources */,
				948903E82ADD32BA0043BAE9 /* LaunchScreen.storyboard in Resources */,
				BE1AE8812AD3D65900F586CD /* Preview Assets.xcassets in Resources */,
				BE1AE87E2AD3D65900F586CD /* Assets.xcassets in Resources */,
				948903E92ADD32BA0043BAE9 /* Main.storyboard in Resources */,
			);
			runOnlyForDeploymentPostprocessing = 0;
		};
/* End PBXResourcesBuildPhase section */

/* Begin PBXSourcesBuildPhase section */
		BE1AE8722AD3D65800F586CD /* Sources */ = {
			isa = PBXSourcesBuildPhase;
			buildActionMask = 2147483647;
			files = (
				948903E72ADD32BA0043BAE9 /* OnboardingViewControllerWrapper.swift in Sources */,
				BE1AE87C2AD3D65800F586CD /* ContentView.swift in Sources */,
				BE1AE87A2AD3D65800F586CD /* macro2023App.swift in Sources */,
				948903EA2ADD32BA0043BAE9 /* OnboardingViewController.swift in Sources */,
				948903EC2ADD32BA0043BAE9 /* RoomCaptureViewController.swift in Sources */,
				97B042512AD91EA100B9478D /* ToolbarView.swift in Sources */,
				97B0424B2AD7DA7200B9478D /* CanvasViewModel.swift in Sources */,
				97B0424D2AD7E1B800B9478D /* ColorExt.swift in Sources */,
				97B042432AD7CED100B9478D /* ObjectSidebarView.swift in Sources */,
				97B0423B2AD67D1500B9478D /* SizePopUpView.swift in Sources */,
				97B042532AD91EBA00B9478D /* ToolbarModel.swift in Sources */,
				97B0425B2ADA506A00B9478D /* DocumentView.swift in Sources */,
				97B042392AD67CF600B9478D /* TopToolbarView.swift in Sources */,
				97B0425D2ADC155600B9478D /* TransitionExt.swift in Sources */,
				97B042452AD7CEE000B9478D /* RoomSidebarView.swift in Sources */,
				BE1AE87C2AD3D65800F586CD /* ContentView.swift in Sources */,
				BE1AE87A2AD3D65800F586CD /* macro2023App.swift in Sources */,
				97B042372AD67CEA00B9478D /* CanvasView.swift in Sources */,
				97B0424F2AD7F54F00B9478D /* ImportButtonView.swift in Sources */,
			);
			runOnlyForDeploymentPostprocessing = 0;
		};
/* End PBXSourcesBuildPhase section */

/* Begin XCBuildConfiguration section */
		BE1AE8822AD3D65900F586CD /* Debug */ = {
			isa = XCBuildConfiguration;
			buildSettings = {
				ALWAYS_SEARCH_USER_PATHS = NO;
				ASSETCATALOG_COMPILER_GENERATE_SWIFT_ASSET_SYMBOL_EXTENSIONS = YES;
				CLANG_ANALYZER_NONNULL = YES;
				CLANG_ANALYZER_NUMBER_OBJECT_CONVERSION = YES_AGGRESSIVE;
				CLANG_CXX_LANGUAGE_STANDARD = "gnu++20";
				CLANG_ENABLE_MODULES = YES;
				CLANG_ENABLE_OBJC_ARC = YES;
				CLANG_ENABLE_OBJC_WEAK = YES;
				CLANG_WARN_BLOCK_CAPTURE_AUTORELEASING = YES;
				CLANG_WARN_BOOL_CONVERSION = YES;
				CLANG_WARN_COMMA = YES;
				CLANG_WARN_CONSTANT_CONVERSION = YES;
				CLANG_WARN_DEPRECATED_OBJC_IMPLEMENTATIONS = YES;
				CLANG_WARN_DIRECT_OBJC_ISA_USAGE = YES_ERROR;
				CLANG_WARN_DOCUMENTATION_COMMENTS = YES;
				CLANG_WARN_EMPTY_BODY = YES;
				CLANG_WARN_ENUM_CONVERSION = YES;
				CLANG_WARN_INFINITE_RECURSION = YES;
				CLANG_WARN_INT_CONVERSION = YES;
				CLANG_WARN_NON_LITERAL_NULL_CONVERSION = YES;
				CLANG_WARN_OBJC_IMPLICIT_RETAIN_SELF = YES;
				CLANG_WARN_OBJC_LITERAL_CONVERSION = YES;
				CLANG_WARN_OBJC_ROOT_CLASS = YES_ERROR;
				CLANG_WARN_QUOTED_INCLUDE_IN_FRAMEWORK_HEADER = YES;
				CLANG_WARN_RANGE_LOOP_ANALYSIS = YES;
				CLANG_WARN_STRICT_PROTOTYPES = YES;
				CLANG_WARN_SUSPICIOUS_MOVE = YES;
				CLANG_WARN_UNGUARDED_AVAILABILITY = YES_AGGRESSIVE;
				CLANG_WARN_UNREACHABLE_CODE = YES;
				CLANG_WARN__DUPLICATE_METHOD_MATCH = YES;
				COPY_PHASE_STRIP = NO;
				DEBUG_INFORMATION_FORMAT = dwarf;
				ENABLE_STRICT_OBJC_MSGSEND = YES;
				ENABLE_TESTABILITY = YES;
				ENABLE_USER_SCRIPT_SANDBOXING = YES;
				GCC_C_LANGUAGE_STANDARD = gnu17;
				GCC_DYNAMIC_NO_PIC = NO;
				GCC_NO_COMMON_BLOCKS = YES;
				GCC_OPTIMIZATION_LEVEL = 0;
				GCC_PREPROCESSOR_DEFINITIONS = (
					"DEBUG=1",
					"$(inherited)",
				);
				GCC_WARN_64_TO_32_BIT_CONVERSION = YES;
				GCC_WARN_ABOUT_RETURN_TYPE = YES_ERROR;
				GCC_WARN_UNDECLARED_SELECTOR = YES;
				GCC_WARN_UNINITIALIZED_AUTOS = YES_AGGRESSIVE;
				GCC_WARN_UNUSED_FUNCTION = YES;
				GCC_WARN_UNUSED_VARIABLE = YES;
				IPHONEOS_DEPLOYMENT_TARGET = 17.0;
				LOCALIZATION_PREFERS_STRING_CATALOGS = YES;
				MTL_ENABLE_DEBUG_INFO = INCLUDE_SOURCE;
				MTL_FAST_MATH = YES;
				ONLY_ACTIVE_ARCH = YES;
				SDKROOT = iphoneos;
				SWIFT_ACTIVE_COMPILATION_CONDITIONS = "DEBUG $(inherited)";
				SWIFT_OPTIMIZATION_LEVEL = "-Onone";
			};
			name = Debug;
		};
		BE1AE8832AD3D65900F586CD /* Release */ = {
			isa = XCBuildConfiguration;
			buildSettings = {
				ALWAYS_SEARCH_USER_PATHS = NO;
				ASSETCATALOG_COMPILER_GENERATE_SWIFT_ASSET_SYMBOL_EXTENSIONS = YES;
				CLANG_ANALYZER_NONNULL = YES;
				CLANG_ANALYZER_NUMBER_OBJECT_CONVERSION = YES_AGGRESSIVE;
				CLANG_CXX_LANGUAGE_STANDARD = "gnu++20";
				CLANG_ENABLE_MODULES = YES;
				CLANG_ENABLE_OBJC_ARC = YES;
				CLANG_ENABLE_OBJC_WEAK = YES;
				CLANG_WARN_BLOCK_CAPTURE_AUTORELEASING = YES;
				CLANG_WARN_BOOL_CONVERSION = YES;
				CLANG_WARN_COMMA = YES;
				CLANG_WARN_CONSTANT_CONVERSION = YES;
				CLANG_WARN_DEPRECATED_OBJC_IMPLEMENTATIONS = YES;
				CLANG_WARN_DIRECT_OBJC_ISA_USAGE = YES_ERROR;
				CLANG_WARN_DOCUMENTATION_COMMENTS = YES;
				CLANG_WARN_EMPTY_BODY = YES;
				CLANG_WARN_ENUM_CONVERSION = YES;
				CLANG_WARN_INFINITE_RECURSION = YES;
				CLANG_WARN_INT_CONVERSION = YES;
				CLANG_WARN_NON_LITERAL_NULL_CONVERSION = YES;
				CLANG_WARN_OBJC_IMPLICIT_RETAIN_SELF = YES;
				CLANG_WARN_OBJC_LITERAL_CONVERSION = YES;
				CLANG_WARN_OBJC_ROOT_CLASS = YES_ERROR;
				CLANG_WARN_QUOTED_INCLUDE_IN_FRAMEWORK_HEADER = YES;
				CLANG_WARN_RANGE_LOOP_ANALYSIS = YES;
				CLANG_WARN_STRICT_PROTOTYPES = YES;
				CLANG_WARN_SUSPICIOUS_MOVE = YES;
				CLANG_WARN_UNGUARDED_AVAILABILITY = YES_AGGRESSIVE;
				CLANG_WARN_UNREACHABLE_CODE = YES;
				CLANG_WARN__DUPLICATE_METHOD_MATCH = YES;
				COPY_PHASE_STRIP = NO;
				DEBUG_INFORMATION_FORMAT = "dwarf-with-dsym";
				ENABLE_NS_ASSERTIONS = NO;
				ENABLE_STRICT_OBJC_MSGSEND = YES;
				ENABLE_USER_SCRIPT_SANDBOXING = YES;
				GCC_C_LANGUAGE_STANDARD = gnu17;
				GCC_NO_COMMON_BLOCKS = YES;
				GCC_WARN_64_TO_32_BIT_CONVERSION = YES;
				GCC_WARN_ABOUT_RETURN_TYPE = YES_ERROR;
				GCC_WARN_UNDECLARED_SELECTOR = YES;
				GCC_WARN_UNINITIALIZED_AUTOS = YES_AGGRESSIVE;
				GCC_WARN_UNUSED_FUNCTION = YES;
				GCC_WARN_UNUSED_VARIABLE = YES;
				IPHONEOS_DEPLOYMENT_TARGET = 17.0;
				LOCALIZATION_PREFERS_STRING_CATALOGS = YES;
				MTL_ENABLE_DEBUG_INFO = NO;
				MTL_FAST_MATH = YES;
				SDKROOT = iphoneos;
				SWIFT_COMPILATION_MODE = wholemodule;
				VALIDATE_PRODUCT = YES;
			};
			name = Release;
		};
		BE1AE8852AD3D65900F586CD /* Debug */ = {
			isa = XCBuildConfiguration;
			buildSettings = {
				ASSETCATALOG_COMPILER_APPICON_NAME = AppIcon;
				ASSETCATALOG_COMPILER_GLOBAL_ACCENT_COLOR_NAME = AccentColor;
				CODE_SIGN_STYLE = Automatic;
				CURRENT_PROJECT_VERSION = 1;
				DEVELOPMENT_ASSET_PATHS = "\"macro2023/Preview Content\"";
				DEVELOPMENT_TEAM = 4QQ5D4534V;
				ENABLE_PREVIEWS = YES;
				GENERATE_INFOPLIST_FILE = YES;
				INFOPLIST_KEY_NSCameraUsageDescription = "Some features needed camera to function properly";
				INFOPLIST_KEY_UIApplicationSceneManifest_Generation = YES;
				INFOPLIST_KEY_UIApplicationSupportsIndirectInputEvents = YES;
				INFOPLIST_KEY_UILaunchScreen_Generation = YES;
				INFOPLIST_KEY_UISupportedInterfaceOrientations_iPad = "UIInterfaceOrientationPortrait UIInterfaceOrientationPortraitUpsideDown UIInterfaceOrientationLandscapeLeft UIInterfaceOrientationLandscapeRight";
				INFOPLIST_KEY_UISupportedInterfaceOrientations_iPhone = "UIInterfaceOrientationPortrait UIInterfaceOrientationLandscapeLeft UIInterfaceOrientationLandscapeRight";
				LD_RUNPATH_SEARCH_PATHS = (
					"$(inherited)",
					"@executable_path/Frameworks",
				);
				MARKETING_VERSION = 1.0;
				PRODUCT_BUNDLE_IDENTIFIER = com.dyahputrin.macro2023;
				PRODUCT_NAME = "$(TARGET_NAME)";
				SWIFT_EMIT_LOC_STRINGS = YES;
				SWIFT_VERSION = 5.0;
				TARGETED_DEVICE_FAMILY = "1,2";
			};
			name = Debug;
		};
		BE1AE8862AD3D65900F586CD /* Release */ = {
			isa = XCBuildConfiguration;
			buildSettings = {
				ASSETCATALOG_COMPILER_APPICON_NAME = AppIcon;
				ASSETCATALOG_COMPILER_GLOBAL_ACCENT_COLOR_NAME = AccentColor;
				CODE_SIGN_STYLE = Automatic;
				CURRENT_PROJECT_VERSION = 1;
				DEVELOPMENT_ASSET_PATHS = "\"macro2023/Preview Content\"";
				DEVELOPMENT_TEAM = 4QQ5D4534V;
				ENABLE_PREVIEWS = YES;
				GENERATE_INFOPLIST_FILE = YES;
				INFOPLIST_KEY_NSCameraUsageDescription = "Some features needed camera to function properly";
				INFOPLIST_KEY_UIApplicationSceneManifest_Generation = YES;
				INFOPLIST_KEY_UIApplicationSupportsIndirectInputEvents = YES;
				INFOPLIST_KEY_UILaunchScreen_Generation = YES;
				INFOPLIST_KEY_UISupportedInterfaceOrientations_iPad = "UIInterfaceOrientationPortrait UIInterfaceOrientationPortraitUpsideDown UIInterfaceOrientationLandscapeLeft UIInterfaceOrientationLandscapeRight";
				INFOPLIST_KEY_UISupportedInterfaceOrientations_iPhone = "UIInterfaceOrientationPortrait UIInterfaceOrientationLandscapeLeft UIInterfaceOrientationLandscapeRight";
				LD_RUNPATH_SEARCH_PATHS = (
					"$(inherited)",
					"@executable_path/Frameworks",
				);
				MARKETING_VERSION = 1.0;
				PRODUCT_BUNDLE_IDENTIFIER = com.dyahputrin.macro2023;
				PRODUCT_NAME = "$(TARGET_NAME)";
				SWIFT_EMIT_LOC_STRINGS = YES;
				SWIFT_VERSION = 5.0;
				TARGETED_DEVICE_FAMILY = "1,2";
			};
			name = Release;
		};
/* End XCBuildConfiguration section */

/* Begin XCConfigurationList section */
		BE1AE8712AD3D65800F586CD /* Build configuration list for PBXProject "macro2023" */ = {
			isa = XCConfigurationList;
			buildConfigurations = (
				BE1AE8822AD3D65900F586CD /* Debug */,
				BE1AE8832AD3D65900F586CD /* Release */,
			);
			defaultConfigurationIsVisible = 0;
			defaultConfigurationName = Release;
		};
		BE1AE8842AD3D65900F586CD /* Build configuration list for PBXNativeTarget "macro2023" */ = {
			isa = XCConfigurationList;
			buildConfigurations = (
				BE1AE8852AD3D65900F586CD /* Debug */,
				BE1AE8862AD3D65900F586CD /* Release */,
			);
			defaultConfigurationIsVisible = 0;
			defaultConfigurationName = Release;
		};
/* End XCConfigurationList section */
	};
	rootObject = BE1AE86E2AD3D65800F586CD /* Project object */;
}
