// !$*UTF8*$!
{
	archiveVersion = 1;
	classes = {
	};
	objectVersion = 56;
	objects = {

/* Begin PBXBuildFile section */
		210C7FF22AD531C200E01229 /* Model.xcdatamodeld in Sources */ = {isa = PBXBuildFile; fileRef = 210C7FF02AD531C200E01229 /* Model.xcdatamodeld */; };
		210C80142AD5343400E01229 /* Persistence.swift in Sources */ = {isa = PBXBuildFile; fileRef = 210C80132AD5343400E01229 /* Persistence.swift */; };
		2128E7E12AE7A2C900FD6B99 /* ObjectViewModel.swift in Sources */ = {isa = PBXBuildFile; fileRef = 2128E7E02AE7A2C900FD6B99 /* ObjectViewModel.swift */; };
		2135F0642AF105B500A3DD9A /* ThumbnailView.swift in Sources */ = {isa = PBXBuildFile; fileRef = 2135F0632AF105B500A3DD9A /* ThumbnailView.swift */; };
		213E259E2AFB7A0600737AD8 /* RoomPlanViewModel.swift in Sources */ = {isa = PBXBuildFile; fileRef = 213E259D2AFB7A0600737AD8 /* RoomPlanViewModel.swift */; };
		213E25A52AFCBAED00737AD8 /* v3wall2putih.usdz in Resources */ = {isa = PBXBuildFile; fileRef = 213E259F2AFCBAEC00737AD8 /* v3wall2putih.usdz */; };
		213E25A62AFCBAED00737AD8 /* v3wall1putih.usdz in Resources */ = {isa = PBXBuildFile; fileRef = 213E25A02AFCBAEC00737AD8 /* v3wall1putih.usdz */; };
		213E25A72AFCBAED00737AD8 /* v3wall4putih.usdz in Resources */ = {isa = PBXBuildFile; fileRef = 213E25A12AFCBAEC00737AD8 /* v3wall4putih.usdz */; };
		213E25A82AFCBAED00737AD8 /* v3wall3putih.usdz in Resources */ = {isa = PBXBuildFile; fileRef = 213E25A22AFCBAEC00737AD8 /* v3wall3putih.usdz */; };
		213E25A92AFCBAED00737AD8 /* v3floorhitam.usdz in Resources */ = {isa = PBXBuildFile; fileRef = 213E25A32AFCBAED00737AD8 /* v3floorhitam.usdz */; };
		213E25AA2AFCBAED00737AD8 /* v3floorputih.usdz in Resources */ = {isa = PBXBuildFile; fileRef = 213E25A42AFCBAED00737AD8 /* v3floorputih.usdz */; };
		21C90C192AD694880003D517 /* ProjectData.swift in Sources */ = {isa = PBXBuildFile; fileRef = 21C90C182AD694880003D517 /* ProjectData.swift */; };
		21C90C412AD6A15B0003D517 /* RouterView.swift in Sources */ = {isa = PBXBuildFile; fileRef = 21C90C402AD6A15B0003D517 /* RouterView.swift */; };
		21C90C432AD7CC810003D517 /* ProjectViewModel.swift in Sources */ = {isa = PBXBuildFile; fileRef = 21C90C422AD7CC810003D517 /* ProjectViewModel.swift */; };
		940CF46E2AEA5AC100F3EB7C /* Ko farel.usdz in Resources */ = {isa = PBXBuildFile; fileRef = 940CF46D2AEA5AC100F3EB7C /* Ko farel.usdz */; };
		940CF4742AEA5C7D00F3EB7C /* floorblack.usdz in Resources */ = {isa = PBXBuildFile; fileRef = 940CF4732AEA5C7D00F3EB7C /* floorblack.usdz */; };
		940CF4762AEA5D6500F3EB7C /* hightable.usdz in Resources */ = {isa = PBXBuildFile; fileRef = 940CF4752AEA5D6500F3EB7C /* hightable.usdz */; };
		940CF47B2AEA5F3E00F3EB7C /* wall3white.usdz in Resources */ = {isa = PBXBuildFile; fileRef = 940CF4772AEA5F3E00F3EB7C /* wall3white.usdz */; };
		940CF47C2AEA5F3E00F3EB7C /* wall1white.usdz in Resources */ = {isa = PBXBuildFile; fileRef = 940CF4782AEA5F3E00F3EB7C /* wall1white.usdz */; };
		940CF47D2AEA5F3E00F3EB7C /* wall4white.usdz in Resources */ = {isa = PBXBuildFile; fileRef = 940CF4792AEA5F3E00F3EB7C /* wall4white.usdz */; };
		940CF47E2AEA5F3E00F3EB7C /* wall2white.usdz in Resources */ = {isa = PBXBuildFile; fileRef = 940CF47A2AEA5F3E00F3EB7C /* wall2white.usdz */; };
		940CF4842AEA69E900F3EB7C /* ObjectDimensionData.swift in Sources */ = {isa = PBXBuildFile; fileRef = 940CF4832AEA69E900F3EB7C /* ObjectDimensionData.swift */; };
		943595CF2AE8F152000331A9 /* ScenekitView.swift in Sources */ = {isa = PBXBuildFile; fileRef = 943595CE2AE8F152000331A9 /* ScenekitView.swift */; };
		9487BDFD2ADE93B0004FCC67 /* ShotFileInfo.swift in Sources */ = {isa = PBXBuildFile; fileRef = 9487BDE32ADE93B0004FCC67 /* ShotFileInfo.swift */; };
		9487BDFE2ADE93B0004FCC67 /* TimedMessageList.swift in Sources */ = {isa = PBXBuildFile; fileRef = 9487BDE42ADE93B0004FCC67 /* TimedMessageList.swift */; };
		9487BDFF2ADE93B0004FCC67 /* FeedbackMessages.swift in Sources */ = {isa = PBXBuildFile; fileRef = 9487BDE52ADE93B0004FCC67 /* FeedbackMessages.swift */; };
		9487BE002ADE93B0004FCC67 /* TutorialVideoView.swift in Sources */ = {isa = PBXBuildFile; fileRef = 9487BDE62ADE93B0004FCC67 /* TutorialVideoView.swift */; };
		9487BE012ADE93B0004FCC67 /* OnboardingStateMachine.swift in Sources */ = {isa = PBXBuildFile; fileRef = 9487BDE72ADE93B0004FCC67 /* OnboardingStateMachine.swift */; };
		9487BE022ADE93B0004FCC67 /* OnboardingTutorialView+LocalizedString.swift in Sources */ = {isa = PBXBuildFile; fileRef = 9487BDE82ADE93B0004FCC67 /* OnboardingTutorialView+LocalizedString.swift */; };
		9487BE032ADE93B0004FCC67 /* AppDataModel+Orbit.swift in Sources */ = {isa = PBXBuildFile; fileRef = 9487BDE92ADE93B0004FCC67 /* AppDataModel+Orbit.swift */; };
		9487BE042ADE93B0004FCC67 /* OnboardingButtonView+LocalizedString.swift in Sources */ = {isa = PBXBuildFile; fileRef = 9487BDEA2ADE93B0004FCC67 /* OnboardingButtonView+LocalizedString.swift */; };
		9487BE052ADE93B0004FCC67 /* HelpPageView.swift in Sources */ = {isa = PBXBuildFile; fileRef = 9487BDEB2ADE93B0004FCC67 /* HelpPageView.swift */; };
		9487BE062ADE93B0004FCC67 /* ProgressBarView.swift in Sources */ = {isa = PBXBuildFile; fileRef = 9487BDEC2ADE93B0004FCC67 /* ProgressBarView.swift */; };
		9487BE072ADE93B0004FCC67 /* CaptureOverlayView.swift in Sources */ = {isa = PBXBuildFile; fileRef = 9487BDED2ADE93B0004FCC67 /* CaptureOverlayView.swift */; };
		9487BE082ADE93B0004FCC67 /* AppDataModel+State.swift in Sources */ = {isa = PBXBuildFile; fileRef = 9487BDEE2ADE93B0004FCC67 /* AppDataModel+State.swift */; };
		9487BE092ADE93B0004FCC67 /* UntilProcessingCompleteFilter.swift in Sources */ = {isa = PBXBuildFile; fileRef = 9487BDEF2ADE93B0004FCC67 /* UntilProcessingCompleteFilter.swift */; };
		9487BE0A2ADE93B0004FCC67 /* OnboardingButtonView.swift in Sources */ = {isa = PBXBuildFile; fileRef = 9487BDF02ADE93B0004FCC67 /* OnboardingButtonView.swift */; };
		9487BE0B2ADE93B0004FCC67 /* CaptureOverlayView+LocalizedString.swift in Sources */ = {isa = PBXBuildFile; fileRef = 9487BDF12ADE93B0004FCC67 /* CaptureOverlayView+LocalizedString.swift */; };
		9487BE0C2ADE93B0004FCC67 /* PlayerView.swift in Sources */ = {isa = PBXBuildFile; fileRef = 9487BDF22ADE93B0004FCC67 /* PlayerView.swift */; };
		9487BE0D2ADE93B0004FCC67 /* FeedbackView.swift in Sources */ = {isa = PBXBuildFile; fileRef = 9487BDF32ADE93B0004FCC67 /* FeedbackView.swift */; };
		9487BE0E2ADE93B0004FCC67 /* ReconstructionPrimaryView.swift in Sources */ = {isa = PBXBuildFile; fileRef = 9487BDF42ADE93B0004FCC67 /* ReconstructionPrimaryView.swift */; };
		9487BE0F2ADE93B0004FCC67 /* AppDataModel.swift in Sources */ = {isa = PBXBuildFile; fileRef = 9487BDF52ADE93B0004FCC67 /* AppDataModel.swift */; };
		9487BE102ADE93B0004FCC67 /* GuidedCaptureView.swift in Sources */ = {isa = PBXBuildFile; fileRef = 9487BDF62ADE93B0004FCC67 /* GuidedCaptureView.swift */; };
		9487BE112ADE93B0004FCC67 /* CaptureOverlayView+Buttons.swift in Sources */ = {isa = PBXBuildFile; fileRef = 9487BDF72ADE93B0004FCC67 /* CaptureOverlayView+Buttons.swift */; };
		9487BE122ADE93B0004FCC67 /* CapturePrimaryView.swift in Sources */ = {isa = PBXBuildFile; fileRef = 9487BDF82ADE93B0004FCC67 /* CapturePrimaryView.swift */; };
		9487BE132ADE93B0004FCC67 /* OnboardingView.swift in Sources */ = {isa = PBXBuildFile; fileRef = 9487BDF92ADE93B0004FCC67 /* OnboardingView.swift */; };
		9487BE142ADE93B0004FCC67 /* CaptureFolderManager.swift in Sources */ = {isa = PBXBuildFile; fileRef = 9487BDFA2ADE93B0004FCC67 /* CaptureFolderManager.swift */; };
		9487BE152ADE93B0004FCC67 /* ModelView.swift in Sources */ = {isa = PBXBuildFile; fileRef = 9487BDFB2ADE93B0004FCC67 /* ModelView.swift */; };
		9487BE162ADE93B0004FCC67 /* OnboardingTutorialView.swift in Sources */ = {isa = PBXBuildFile; fileRef = 9487BDFC2ADE93B0004FCC67 /* OnboardingTutorialView.swift */; };
		9487BE222ADE93CF004FCC67 /* ScanPasses-iPhone-FixedHeight-unflippable-low.mp4 in Resources */ = {isa = PBXBuildFile; fileRef = 9487BE182ADE93CF004FCC67 /* ScanPasses-iPhone-FixedHeight-unflippable-low.mp4 */; };
		9487BE232ADE93CF004FCC67 /* ScanPasses-iPhone-FixedHeight-1.mp4 in Resources */ = {isa = PBXBuildFile; fileRef = 9487BE192ADE93CF004FCC67 /* ScanPasses-iPhone-FixedHeight-1.mp4 */; };
		9487BE242ADE93CF004FCC67 /* ScanPasses-iPad-FixedHeight-unflippable-high.mp4 in Resources */ = {isa = PBXBuildFile; fileRef = 9487BE1A2ADE93CF004FCC67 /* ScanPasses-iPad-FixedHeight-unflippable-high.mp4 */; };
		9487BE252ADE93CF004FCC67 /* ScanPasses-iPhone-FixedHeight-2.mp4 in Resources */ = {isa = PBXBuildFile; fileRef = 9487BE1B2ADE93CF004FCC67 /* ScanPasses-iPhone-FixedHeight-2.mp4 */; };
		9487BE262ADE93CF004FCC67 /* ScanPasses-iPhone-FixedHeight-3.mp4 in Resources */ = {isa = PBXBuildFile; fileRef = 9487BE1C2ADE93CF004FCC67 /* ScanPasses-iPhone-FixedHeight-3.mp4 */; };
		9487BE272ADE93CF004FCC67 /* ScanPasses-iPhone-FixedHeight-unflippable-high.mp4 in Resources */ = {isa = PBXBuildFile; fileRef = 9487BE1D2ADE93CF004FCC67 /* ScanPasses-iPhone-FixedHeight-unflippable-high.mp4 */; };
		9487BE282ADE93CF004FCC67 /* ScanPasses-iPad-FixedHeight-2.mp4 in Resources */ = {isa = PBXBuildFile; fileRef = 9487BE1E2ADE93CF004FCC67 /* ScanPasses-iPad-FixedHeight-2.mp4 */; };
		9487BE292ADE93CF004FCC67 /* ScanPasses-iPad-FixedHeight-3.mp4 in Resources */ = {isa = PBXBuildFile; fileRef = 9487BE1F2ADE93CF004FCC67 /* ScanPasses-iPad-FixedHeight-3.mp4 */; };
		9487BE2A2ADE93CF004FCC67 /* ScanPasses-iPad-FixedHeight-1.mp4 in Resources */ = {isa = PBXBuildFile; fileRef = 9487BE202ADE93CF004FCC67 /* ScanPasses-iPad-FixedHeight-1.mp4 */; };
		9487BE2B2ADE93CF004FCC67 /* ScanPasses-iPad-FixedHeight-unflippable-low.mp4 in Resources */ = {isa = PBXBuildFile; fileRef = 9487BE212ADE93CF004FCC67 /* ScanPasses-iPad-FixedHeight-unflippable-low.mp4 */; };
		94DDE95F2ADE8FFA007915FF /* TransitionExtension.swift in Sources */ = {isa = PBXBuildFile; fileRef = 94DDE93B2ADE8FFA007915FF /* TransitionExtension.swift */; };
		94DDE9612ADE8FFA007915FF /* ColorExtension.swift in Sources */ = {isa = PBXBuildFile; fileRef = 94DDE93D2ADE8FFA007915FF /* ColorExtension.swift */; };
		94DDE9632ADE8FFA007915FF /* OnboardingViewControllerWrapper.swift in Sources */ = {isa = PBXBuildFile; fileRef = 94DDE9402ADE8FFA007915FF /* OnboardingViewControllerWrapper.swift */; };
		94DDE9642ADE8FFA007915FF /* LaunchScreen.storyboard in Resources */ = {isa = PBXBuildFile; fileRef = 94DDE9412ADE8FFA007915FF /* LaunchScreen.storyboard */; };
		94DDE9652ADE8FFA007915FF /* Main.storyboard in Resources */ = {isa = PBXBuildFile; fileRef = 94DDE9422ADE8FFA007915FF /* Main.storyboard */; };
		94DDE9662ADE8FFA007915FF /* OnboardingViewController.swift in Sources */ = {isa = PBXBuildFile; fileRef = 94DDE9432ADE8FFA007915FF /* OnboardingViewController.swift */; };
		94DDE9672ADE8FFA007915FF /* UnsupportedDevice.storyboard in Resources */ = {isa = PBXBuildFile; fileRef = 94DDE9442ADE8FFA007915FF /* UnsupportedDevice.storyboard */; };
		94DDE9682ADE8FFA007915FF /* RoomCaptureViewController.swift in Sources */ = {isa = PBXBuildFile; fileRef = 94DDE9452ADE8FFA007915FF /* RoomCaptureViewController.swift */; };
		94DDE96A2ADE8FFA007915FF /* CanvasData.swift in Sources */ = {isa = PBXBuildFile; fileRef = 94DDE9492ADE8FFA007915FF /* CanvasData.swift */; };
		94DDE96B2ADE8FFA007915FF /* CanvasDataViewModel.swift in Sources */ = {isa = PBXBuildFile; fileRef = 94DDE94A2ADE8FFA007915FF /* CanvasDataViewModel.swift */; };
		94DDE96C2ADE8FFA007915FF /* RoomSceneView.swift in Sources */ = {isa = PBXBuildFile; fileRef = 94DDE94B2ADE8FFA007915FF /* RoomSceneView.swift */; };
		94DDE9712ADE8FFA007915FF /* OfficeTable.usdz in Resources */ = {isa = PBXBuildFile; fileRef = 94DDE9512ADE8FFA007915FF /* OfficeTable.usdz */; };
		94DDE9732ADE8FFA007915FF /* RoomScene.scn in Resources */ = {isa = PBXBuildFile; fileRef = 94DDE9532ADE8FFA007915FF /* RoomScene.scn */; };
		974199552AE7A26900D96E7F /* ObjectSizeView.swift in Sources */ = {isa = PBXBuildFile; fileRef = 974199542AE7A26900D96E7F /* ObjectSizeView.swift */; };
		974199572AE7BA2600D96E7F /* ObjectListView.swift in Sources */ = {isa = PBXBuildFile; fileRef = 974199562AE7BA2600D96E7F /* ObjectListView.swift */; };
		BE10DDB32AE7A34C007D1A8E /* Preview Assets.xcassets in Resources */ = {isa = PBXBuildFile; fileRef = BE10DDB22AE7A34C007D1A8E /* Preview Assets.xcassets */; };
		BE1AE87E2AD3D65900F586CD /* Assets.xcassets in Resources */ = {isa = PBXBuildFile; fileRef = BE1AE87D2AD3D65900F586CD /* Assets.xcassets */; };
		BE229C8C2AEB96CB00AEEFF4 /* OfficeTableGroup.usdz in Resources */ = {isa = PBXBuildFile; fileRef = BE229C8B2AEB96CB00AEEFF4 /* OfficeTableGroup.usdz */; };
		BE56624F2AE262EC007F0B98 /* (null) in Sources */ = {isa = PBXBuildFile; };
		BE6F988A2AE265D200AC6A69 /* macro2023App.swift in Sources */ = {isa = PBXBuildFile; fileRef = 94DDE9552ADE8FFA007915FF /* macro2023App.swift */; };
		BE6F98922AE2672400AC6A69 /* ProjectView.swift in Sources */ = {isa = PBXBuildFile; fileRef = BE6F98912AE2672400AC6A69 /* ProjectView.swift */; };
		BE6F989E2AE26BA500AC6A69 /* v2floor.usdz in Resources */ = {isa = PBXBuildFile; fileRef = BE6F98992AE26BA500AC6A69 /* v2floor.usdz */; };
		BE6F989F2AE26BA500AC6A69 /* v2wall2.usdz in Resources */ = {isa = PBXBuildFile; fileRef = BE6F989A2AE26BA500AC6A69 /* v2wall2.usdz */; };
		BE6F98A02AE26BA500AC6A69 /* v2wall1.usdz in Resources */ = {isa = PBXBuildFile; fileRef = BE6F989B2AE26BA500AC6A69 /* v2wall1.usdz */; };
		BE6F98A12AE26BA500AC6A69 /* v2wall4.usdz in Resources */ = {isa = PBXBuildFile; fileRef = BE6F989C2AE26BA500AC6A69 /* v2wall4.usdz */; };
		BE6F98A22AE26BA500AC6A69 /* v2wall3.usdz in Resources */ = {isa = PBXBuildFile; fileRef = BE6F989D2AE26BA500AC6A69 /* v2wall3.usdz */; };
		BE6F99632AE26E1B00AC6A69 /* AppState.swift in Sources */ = {isa = PBXBuildFile; fileRef = BE6F99622AE26E1B00AC6A69 /* AppState.swift */; };
		BE6F99692AE2725100AC6A69 /* CanvasView.swift in Sources */ = {isa = PBXBuildFile; fileRef = BE6F99682AE2725100AC6A69 /* CanvasView.swift */; };
		BE6F996B2AE2728B00AC6A69 /* ImportButtonView.swift in Sources */ = {isa = PBXBuildFile; fileRef = BE6F996A2AE2728B00AC6A69 /* ImportButtonView.swift */; };
		BE6F996D2AE272A400AC6A69 /* ObjectSidebarView.swift in Sources */ = {isa = PBXBuildFile; fileRef = BE6F996C2AE272A400AC6A69 /* ObjectSidebarView.swift */; };
		BE6F996F2AE272BC00AC6A69 /* RoomSidebarView.swift in Sources */ = {isa = PBXBuildFile; fileRef = BE6F996E2AE272BC00AC6A69 /* RoomSidebarView.swift */; };
		BE6F99712AE272D800AC6A69 /* TopToolbarView.swift in Sources */ = {isa = PBXBuildFile; fileRef = BE6F99702AE272D800AC6A69 /* TopToolbarView.swift */; };
		BED427372AE8C39000AD041E /* SCNViewRepresentable.swift in Sources */ = {isa = PBXBuildFile; fileRef = BED427362AE8C39000AD041E /* SCNViewRepresentable.swift */; };
/* End PBXBuildFile section */

/* Begin PBXFileReference section */
		210C7FF12AD531C200E01229 /* Model.xcdatamodel */ = {isa = PBXFileReference; lastKnownFileType = wrapper.xcdatamodel; path = Model.xcdatamodel; sourceTree = "<group>"; };
		210C80132AD5343400E01229 /* Persistence.swift */ = {isa = PBXFileReference; lastKnownFileType = sourcecode.swift; path = Persistence.swift; sourceTree = "<group>"; };
		2128E7E02AE7A2C900FD6B99 /* ObjectViewModel.swift */ = {isa = PBXFileReference; lastKnownFileType = sourcecode.swift; path = ObjectViewModel.swift; sourceTree = "<group>"; };
		2135F0632AF105B500A3DD9A /* ThumbnailView.swift */ = {isa = PBXFileReference; lastKnownFileType = sourcecode.swift; path = ThumbnailView.swift; sourceTree = "<group>"; };
		213E259D2AFB7A0600737AD8 /* RoomPlanViewModel.swift */ = {isa = PBXFileReference; lastKnownFileType = sourcecode.swift; path = RoomPlanViewModel.swift; sourceTree = "<group>"; };
		213E259F2AFCBAEC00737AD8 /* v3wall2putih.usdz */ = {isa = PBXFileReference; lastKnownFileType = file.usdz; path = v3wall2putih.usdz; sourceTree = "<group>"; };
		213E25A02AFCBAEC00737AD8 /* v3wall1putih.usdz */ = {isa = PBXFileReference; lastKnownFileType = file.usdz; path = v3wall1putih.usdz; sourceTree = "<group>"; };
		213E25A12AFCBAEC00737AD8 /* v3wall4putih.usdz */ = {isa = PBXFileReference; lastKnownFileType = file.usdz; path = v3wall4putih.usdz; sourceTree = "<group>"; };
		213E25A22AFCBAEC00737AD8 /* v3wall3putih.usdz */ = {isa = PBXFileReference; lastKnownFileType = file.usdz; path = v3wall3putih.usdz; sourceTree = "<group>"; };
		213E25A32AFCBAED00737AD8 /* v3floorhitam.usdz */ = {isa = PBXFileReference; lastKnownFileType = file.usdz; path = v3floorhitam.usdz; sourceTree = "<group>"; };
		213E25A42AFCBAED00737AD8 /* v3floorputih.usdz */ = {isa = PBXFileReference; lastKnownFileType = file.usdz; path = v3floorputih.usdz; sourceTree = "<group>"; };
		21C90C182AD694880003D517 /* ProjectData.swift */ = {isa = PBXFileReference; lastKnownFileType = sourcecode.swift; path = ProjectData.swift; sourceTree = "<group>"; };
		21C90C402AD6A15B0003D517 /* RouterView.swift */ = {isa = PBXFileReference; lastKnownFileType = sourcecode.swift; path = RouterView.swift; sourceTree = "<group>"; };
		21C90C422AD7CC810003D517 /* ProjectViewModel.swift */ = {isa = PBXFileReference; lastKnownFileType = sourcecode.swift; path = ProjectViewModel.swift; sourceTree = "<group>"; };
		940CF46D2AEA5AC100F3EB7C /* Ko farel.usdz */ = {isa = PBXFileReference; lastKnownFileType = file.usdz; path = "Ko farel.usdz"; sourceTree = "<group>"; };
		940CF4732AEA5C7D00F3EB7C /* floorblack.usdz */ = {isa = PBXFileReference; lastKnownFileType = file.usdz; path = floorblack.usdz; sourceTree = "<group>"; };
		940CF4752AEA5D6500F3EB7C /* hightable.usdz */ = {isa = PBXFileReference; lastKnownFileType = file.usdz; path = hightable.usdz; sourceTree = "<group>"; };
		940CF4772AEA5F3E00F3EB7C /* wall3white.usdz */ = {isa = PBXFileReference; lastKnownFileType = file.usdz; path = wall3white.usdz; sourceTree = "<group>"; };
		940CF4782AEA5F3E00F3EB7C /* wall1white.usdz */ = {isa = PBXFileReference; lastKnownFileType = file.usdz; path = wall1white.usdz; sourceTree = "<group>"; };
		940CF4792AEA5F3E00F3EB7C /* wall4white.usdz */ = {isa = PBXFileReference; lastKnownFileType = file.usdz; path = wall4white.usdz; sourceTree = "<group>"; };
		940CF47A2AEA5F3E00F3EB7C /* wall2white.usdz */ = {isa = PBXFileReference; lastKnownFileType = file.usdz; path = wall2white.usdz; sourceTree = "<group>"; };
		940CF4832AEA69E900F3EB7C /* ObjectDimensionData.swift */ = {isa = PBXFileReference; lastKnownFileType = sourcecode.swift; path = ObjectDimensionData.swift; sourceTree = "<group>"; };
		943595CE2AE8F152000331A9 /* ScenekitView.swift */ = {isa = PBXFileReference; lastKnownFileType = sourcecode.swift; path = ScenekitView.swift; sourceTree = "<group>"; };
		9487BDE32ADE93B0004FCC67 /* ShotFileInfo.swift */ = {isa = PBXFileReference; fileEncoding = 4; lastKnownFileType = sourcecode.swift; path = ShotFileInfo.swift; sourceTree = "<group>"; };
		9487BDE42ADE93B0004FCC67 /* TimedMessageList.swift */ = {isa = PBXFileReference; fileEncoding = 4; lastKnownFileType = sourcecode.swift; path = TimedMessageList.swift; sourceTree = "<group>"; };
		9487BDE52ADE93B0004FCC67 /* FeedbackMessages.swift */ = {isa = PBXFileReference; fileEncoding = 4; lastKnownFileType = sourcecode.swift; path = FeedbackMessages.swift; sourceTree = "<group>"; };
		9487BDE62ADE93B0004FCC67 /* TutorialVideoView.swift */ = {isa = PBXFileReference; fileEncoding = 4; lastKnownFileType = sourcecode.swift; path = TutorialVideoView.swift; sourceTree = "<group>"; };
		9487BDE72ADE93B0004FCC67 /* OnboardingStateMachine.swift */ = {isa = PBXFileReference; fileEncoding = 4; lastKnownFileType = sourcecode.swift; path = OnboardingStateMachine.swift; sourceTree = "<group>"; };
		9487BDE82ADE93B0004FCC67 /* OnboardingTutorialView+LocalizedString.swift */ = {isa = PBXFileReference; fileEncoding = 4; lastKnownFileType = sourcecode.swift; path = "OnboardingTutorialView+LocalizedString.swift"; sourceTree = "<group>"; };
		9487BDE92ADE93B0004FCC67 /* AppDataModel+Orbit.swift */ = {isa = PBXFileReference; fileEncoding = 4; lastKnownFileType = sourcecode.swift; path = "AppDataModel+Orbit.swift"; sourceTree = "<group>"; };
		9487BDEA2ADE93B0004FCC67 /* OnboardingButtonView+LocalizedString.swift */ = {isa = PBXFileReference; fileEncoding = 4; lastKnownFileType = sourcecode.swift; path = "OnboardingButtonView+LocalizedString.swift"; sourceTree = "<group>"; };
		9487BDEB2ADE93B0004FCC67 /* HelpPageView.swift */ = {isa = PBXFileReference; fileEncoding = 4; lastKnownFileType = sourcecode.swift; path = HelpPageView.swift; sourceTree = "<group>"; };
		9487BDEC2ADE93B0004FCC67 /* ProgressBarView.swift */ = {isa = PBXFileReference; fileEncoding = 4; lastKnownFileType = sourcecode.swift; path = ProgressBarView.swift; sourceTree = "<group>"; };
		9487BDED2ADE93B0004FCC67 /* CaptureOverlayView.swift */ = {isa = PBXFileReference; fileEncoding = 4; lastKnownFileType = sourcecode.swift; path = CaptureOverlayView.swift; sourceTree = "<group>"; };
		9487BDEE2ADE93B0004FCC67 /* AppDataModel+State.swift */ = {isa = PBXFileReference; fileEncoding = 4; lastKnownFileType = sourcecode.swift; path = "AppDataModel+State.swift"; sourceTree = "<group>"; };
		9487BDEF2ADE93B0004FCC67 /* UntilProcessingCompleteFilter.swift */ = {isa = PBXFileReference; fileEncoding = 4; lastKnownFileType = sourcecode.swift; path = UntilProcessingCompleteFilter.swift; sourceTree = "<group>"; };
		9487BDF02ADE93B0004FCC67 /* OnboardingButtonView.swift */ = {isa = PBXFileReference; fileEncoding = 4; lastKnownFileType = sourcecode.swift; path = OnboardingButtonView.swift; sourceTree = "<group>"; };
		9487BDF12ADE93B0004FCC67 /* CaptureOverlayView+LocalizedString.swift */ = {isa = PBXFileReference; fileEncoding = 4; lastKnownFileType = sourcecode.swift; path = "CaptureOverlayView+LocalizedString.swift"; sourceTree = "<group>"; };
		9487BDF22ADE93B0004FCC67 /* PlayerView.swift */ = {isa = PBXFileReference; fileEncoding = 4; lastKnownFileType = sourcecode.swift; path = PlayerView.swift; sourceTree = "<group>"; };
		9487BDF32ADE93B0004FCC67 /* FeedbackView.swift */ = {isa = PBXFileReference; fileEncoding = 4; lastKnownFileType = sourcecode.swift; path = FeedbackView.swift; sourceTree = "<group>"; };
		9487BDF42ADE93B0004FCC67 /* ReconstructionPrimaryView.swift */ = {isa = PBXFileReference; fileEncoding = 4; lastKnownFileType = sourcecode.swift; path = ReconstructionPrimaryView.swift; sourceTree = "<group>"; };
		9487BDF52ADE93B0004FCC67 /* AppDataModel.swift */ = {isa = PBXFileReference; fileEncoding = 4; lastKnownFileType = sourcecode.swift; path = AppDataModel.swift; sourceTree = "<group>"; };
		9487BDF62ADE93B0004FCC67 /* GuidedCaptureView.swift */ = {isa = PBXFileReference; fileEncoding = 4; lastKnownFileType = sourcecode.swift; path = GuidedCaptureView.swift; sourceTree = "<group>"; };
		9487BDF72ADE93B0004FCC67 /* CaptureOverlayView+Buttons.swift */ = {isa = PBXFileReference; fileEncoding = 4; lastKnownFileType = sourcecode.swift; path = "CaptureOverlayView+Buttons.swift"; sourceTree = "<group>"; };
		9487BDF82ADE93B0004FCC67 /* CapturePrimaryView.swift */ = {isa = PBXFileReference; fileEncoding = 4; lastKnownFileType = sourcecode.swift; path = CapturePrimaryView.swift; sourceTree = "<group>"; };
		9487BDF92ADE93B0004FCC67 /* OnboardingView.swift */ = {isa = PBXFileReference; fileEncoding = 4; lastKnownFileType = sourcecode.swift; path = OnboardingView.swift; sourceTree = "<group>"; };
		9487BDFA2ADE93B0004FCC67 /* CaptureFolderManager.swift */ = {isa = PBXFileReference; fileEncoding = 4; lastKnownFileType = sourcecode.swift; path = CaptureFolderManager.swift; sourceTree = "<group>"; };
		9487BDFB2ADE93B0004FCC67 /* ModelView.swift */ = {isa = PBXFileReference; fileEncoding = 4; lastKnownFileType = sourcecode.swift; path = ModelView.swift; sourceTree = "<group>"; };
		9487BDFC2ADE93B0004FCC67 /* OnboardingTutorialView.swift */ = {isa = PBXFileReference; fileEncoding = 4; lastKnownFileType = sourcecode.swift; path = OnboardingTutorialView.swift; sourceTree = "<group>"; };
		9487BE182ADE93CF004FCC67 /* ScanPasses-iPhone-FixedHeight-unflippable-low.mp4 */ = {isa = PBXFileReference; lastKnownFileType = file; path = "ScanPasses-iPhone-FixedHeight-unflippable-low.mp4"; sourceTree = "<group>"; };
		9487BE192ADE93CF004FCC67 /* ScanPasses-iPhone-FixedHeight-1.mp4 */ = {isa = PBXFileReference; lastKnownFileType = file; path = "ScanPasses-iPhone-FixedHeight-1.mp4"; sourceTree = "<group>"; };
		9487BE1A2ADE93CF004FCC67 /* ScanPasses-iPad-FixedHeight-unflippable-high.mp4 */ = {isa = PBXFileReference; lastKnownFileType = file; path = "ScanPasses-iPad-FixedHeight-unflippable-high.mp4"; sourceTree = "<group>"; };
		9487BE1B2ADE93CF004FCC67 /* ScanPasses-iPhone-FixedHeight-2.mp4 */ = {isa = PBXFileReference; lastKnownFileType = file; path = "ScanPasses-iPhone-FixedHeight-2.mp4"; sourceTree = "<group>"; };
		9487BE1C2ADE93CF004FCC67 /* ScanPasses-iPhone-FixedHeight-3.mp4 */ = {isa = PBXFileReference; lastKnownFileType = file; path = "ScanPasses-iPhone-FixedHeight-3.mp4"; sourceTree = "<group>"; };
		9487BE1D2ADE93CF004FCC67 /* ScanPasses-iPhone-FixedHeight-unflippable-high.mp4 */ = {isa = PBXFileReference; lastKnownFileType = file; path = "ScanPasses-iPhone-FixedHeight-unflippable-high.mp4"; sourceTree = "<group>"; };
		9487BE1E2ADE93CF004FCC67 /* ScanPasses-iPad-FixedHeight-2.mp4 */ = {isa = PBXFileReference; lastKnownFileType = file; path = "ScanPasses-iPad-FixedHeight-2.mp4"; sourceTree = "<group>"; };
		9487BE1F2ADE93CF004FCC67 /* ScanPasses-iPad-FixedHeight-3.mp4 */ = {isa = PBXFileReference; lastKnownFileType = file; path = "ScanPasses-iPad-FixedHeight-3.mp4"; sourceTree = "<group>"; };
		9487BE202ADE93CF004FCC67 /* ScanPasses-iPad-FixedHeight-1.mp4 */ = {isa = PBXFileReference; lastKnownFileType = file; path = "ScanPasses-iPad-FixedHeight-1.mp4"; sourceTree = "<group>"; };
		9487BE212ADE93CF004FCC67 /* ScanPasses-iPad-FixedHeight-unflippable-low.mp4 */ = {isa = PBXFileReference; lastKnownFileType = file; path = "ScanPasses-iPad-FixedHeight-unflippable-low.mp4"; sourceTree = "<group>"; };
		94DDE92F2ADE8FF9007915FF /* macro2023-Bridging-Header.h */ = {isa = PBXFileReference; lastKnownFileType = sourcecode.c.h; path = "macro2023-Bridging-Header.h"; sourceTree = "<group>"; };
		94DDE93B2ADE8FFA007915FF /* TransitionExtension.swift */ = {isa = PBXFileReference; fileEncoding = 4; lastKnownFileType = sourcecode.swift; path = TransitionExtension.swift; sourceTree = "<group>"; };
		94DDE93D2ADE8FFA007915FF /* ColorExtension.swift */ = {isa = PBXFileReference; fileEncoding = 4; lastKnownFileType = sourcecode.swift; path = ColorExtension.swift; sourceTree = "<group>"; };
		94DDE9402ADE8FFA007915FF /* OnboardingViewControllerWrapper.swift */ = {isa = PBXFileReference; fileEncoding = 4; lastKnownFileType = sourcecode.swift; path = OnboardingViewControllerWrapper.swift; sourceTree = "<group>"; };
		94DDE9412ADE8FFA007915FF /* LaunchScreen.storyboard */ = {isa = PBXFileReference; fileEncoding = 4; lastKnownFileType = file.storyboard; path = LaunchScreen.storyboard; sourceTree = "<group>"; };
		94DDE9422ADE8FFA007915FF /* Main.storyboard */ = {isa = PBXFileReference; fileEncoding = 4; lastKnownFileType = file.storyboard; path = Main.storyboard; sourceTree = "<group>"; };
		94DDE9432ADE8FFA007915FF /* OnboardingViewController.swift */ = {isa = PBXFileReference; fileEncoding = 4; lastKnownFileType = sourcecode.swift; path = OnboardingViewController.swift; sourceTree = "<group>"; };
		94DDE9442ADE8FFA007915FF /* UnsupportedDevice.storyboard */ = {isa = PBXFileReference; fileEncoding = 4; lastKnownFileType = file.storyboard; path = UnsupportedDevice.storyboard; sourceTree = "<group>"; };
		94DDE9452ADE8FFA007915FF /* RoomCaptureViewController.swift */ = {isa = PBXFileReference; fileEncoding = 4; lastKnownFileType = sourcecode.swift; path = RoomCaptureViewController.swift; sourceTree = "<group>"; };
		94DDE9492ADE8FFA007915FF /* CanvasData.swift */ = {isa = PBXFileReference; fileEncoding = 4; lastKnownFileType = sourcecode.swift; path = CanvasData.swift; sourceTree = "<group>"; };
		94DDE94A2ADE8FFA007915FF /* CanvasDataViewModel.swift */ = {isa = PBXFileReference; fileEncoding = 4; lastKnownFileType = sourcecode.swift; path = CanvasDataViewModel.swift; sourceTree = "<group>"; };
		94DDE94B2ADE8FFA007915FF /* RoomSceneView.swift */ = {isa = PBXFileReference; fileEncoding = 4; lastKnownFileType = sourcecode.swift; path = RoomSceneView.swift; sourceTree = "<group>"; };
		94DDE9512ADE8FFA007915FF /* OfficeTable.usdz */ = {isa = PBXFileReference; lastKnownFileType = file.usdz; path = OfficeTable.usdz; sourceTree = "<group>"; };
		94DDE9532ADE8FFA007915FF /* RoomScene.scn */ = {isa = PBXFileReference; lastKnownFileType = file.bplist; path = RoomScene.scn; sourceTree = "<group>"; };
		94DDE9552ADE8FFA007915FF /* macro2023App.swift */ = {isa = PBXFileReference; fileEncoding = 4; lastKnownFileType = sourcecode.swift; path = macro2023App.swift; sourceTree = "<group>"; };
		974199542AE7A26900D96E7F /* ObjectSizeView.swift */ = {isa = PBXFileReference; lastKnownFileType = sourcecode.swift; path = ObjectSizeView.swift; sourceTree = "<group>"; };
		974199562AE7BA2600D96E7F /* ObjectListView.swift */ = {isa = PBXFileReference; lastKnownFileType = sourcecode.swift; path = ObjectListView.swift; sourceTree = "<group>"; };
		BE10DDB22AE7A34C007D1A8E /* Preview Assets.xcassets */ = {isa = PBXFileReference; lastKnownFileType = folder.assetcatalog; path = "Preview Assets.xcassets"; sourceTree = "<group>"; };
		BE1AE8762AD3D65800F586CD /* macro2023.app */ = {isa = PBXFileReference; explicitFileType = wrapper.application; includeInIndex = 0; path = macro2023.app; sourceTree = BUILT_PRODUCTS_DIR; };
		BE1AE87D2AD3D65900F586CD /* Assets.xcassets */ = {isa = PBXFileReference; lastKnownFileType = folder.assetcatalog; path = Assets.xcassets; sourceTree = "<group>"; };
		BE229C8B2AEB96CB00AEEFF4 /* OfficeTableGroup.usdz */ = {isa = PBXFileReference; lastKnownFileType = file.usdz; path = OfficeTableGroup.usdz; sourceTree = "<group>"; };
		BE5661CA2AE262EC007F0B98 /* OnboardingViewControllerWrapper.swift */ = {isa = PBXFileReference; fileEncoding = 4; lastKnownFileType = sourcecode.swift; path = OnboardingViewControllerWrapper.swift; sourceTree = "<group>"; };
		BE5661CD2AE262EC007F0B98 /* OnboardingViewController.swift */ = {isa = PBXFileReference; fileEncoding = 4; lastKnownFileType = sourcecode.swift; path = OnboardingViewController.swift; sourceTree = "<group>"; };
		BE5661CF2AE262EC007F0B98 /* RoomCaptureViewController.swift */ = {isa = PBXFileReference; fileEncoding = 4; lastKnownFileType = sourcecode.swift; path = RoomCaptureViewController.swift; sourceTree = "<group>"; };
		BE5661D12AE262EC007F0B98 /* BackRoot.swift */ = {isa = PBXFileReference; fileEncoding = 4; lastKnownFileType = sourcecode.swift; path = BackRoot.swift; sourceTree = "<group>"; };
		BE5661D32AE262EC007F0B98 /* CanvasView.swift */ = {isa = PBXFileReference; fileEncoding = 4; lastKnownFileType = sourcecode.swift; path = CanvasView.swift; sourceTree = "<group>"; };
		BE5661D42AE262EC007F0B98 /* ObjectSidebarView.swift */ = {isa = PBXFileReference; fileEncoding = 4; lastKnownFileType = sourcecode.swift; path = ObjectSidebarView.swift; sourceTree = "<group>"; };
		BE5661D52AE262EC007F0B98 /* ToolbarView.swift */ = {isa = PBXFileReference; fileEncoding = 4; lastKnownFileType = sourcecode.swift; path = ToolbarView.swift; sourceTree = "<group>"; };
		BE5661D62AE262EC007F0B98 /* TopToolbarView.swift */ = {isa = PBXFileReference; fileEncoding = 4; lastKnownFileType = sourcecode.swift; path = TopToolbarView.swift; sourceTree = "<group>"; };
		BE5661D72AE262EC007F0B98 /* DocumentView.swift */ = {isa = PBXFileReference; fileEncoding = 4; lastKnownFileType = sourcecode.swift; path = DocumentView.swift; sourceTree = "<group>"; };
		BE5661D82AE262EC007F0B98 /* ProjectView.swift */ = {isa = PBXFileReference; fileEncoding = 4; lastKnownFileType = sourcecode.swift; path = ProjectView.swift; sourceTree = "<group>"; };
		BE5661D92AE262EC007F0B98 /* RoomSidebarView.swift */ = {isa = PBXFileReference; fileEncoding = 4; lastKnownFileType = sourcecode.swift; path = RoomSidebarView.swift; sourceTree = "<group>"; };
		BE5661DA2AE262EC007F0B98 /* ContentView.swift */ = {isa = PBXFileReference; fileEncoding = 4; lastKnownFileType = sourcecode.swift; path = ContentView.swift; sourceTree = "<group>"; };
		BE5661DB2AE262EC007F0B98 /* ImportButtonView.swift */ = {isa = PBXFileReference; fileEncoding = 4; lastKnownFileType = sourcecode.swift; path = ImportButtonView.swift; sourceTree = "<group>"; };
		BE5661DC2AE262EC007F0B98 /* SizePopUpView.swift */ = {isa = PBXFileReference; fileEncoding = 4; lastKnownFileType = sourcecode.swift; path = SizePopUpView.swift; sourceTree = "<group>"; };
		BE5661DE2AE262EC007F0B98 /* TransitionExt.swift */ = {isa = PBXFileReference; fileEncoding = 4; lastKnownFileType = sourcecode.swift; path = TransitionExt.swift; sourceTree = "<group>"; };
		BE5661DF2AE262EC007F0B98 /* CanvasViewModel.swift */ = {isa = PBXFileReference; fileEncoding = 4; lastKnownFileType = sourcecode.swift; path = CanvasViewModel.swift; sourceTree = "<group>"; };
		BE5661E02AE262EC007F0B98 /* ColorExt.swift */ = {isa = PBXFileReference; fileEncoding = 4; lastKnownFileType = sourcecode.swift; path = ColorExt.swift; sourceTree = "<group>"; };
		BE5661E12AE262EC007F0B98 /* ToolbarModel.swift */ = {isa = PBXFileReference; fileEncoding = 4; lastKnownFileType = sourcecode.swift; path = ToolbarModel.swift; sourceTree = "<group>"; };
		BE5661E32AE262EC007F0B98 /* CanvasViewModel.swift */ = {isa = PBXFileReference; fileEncoding = 4; lastKnownFileType = sourcecode.swift; path = CanvasViewModel.swift; sourceTree = "<group>"; };
		BE5661E42AE262EC007F0B98 /* ContentViewModel.swift */ = {isa = PBXFileReference; fileEncoding = 4; lastKnownFileType = sourcecode.swift; path = ContentViewModel.swift; sourceTree = "<group>"; };
		BE5661ED2AE262EC007F0B98 /* CanvasData.swift */ = {isa = PBXFileReference; fileEncoding = 4; lastKnownFileType = sourcecode.swift; path = CanvasData.swift; sourceTree = "<group>"; };
		BE5661EF2AE262EC007F0B98 /* RoomSceneModel.swift */ = {isa = PBXFileReference; fileEncoding = 4; lastKnownFileType = sourcecode.swift; path = RoomSceneModel.swift; sourceTree = "<group>"; };
		BE5661F02AE262EC007F0B98 /* RoomSceneViewModel.swift */ = {isa = PBXFileReference; fileEncoding = 4; lastKnownFileType = sourcecode.swift; path = RoomSceneViewModel.swift; sourceTree = "<group>"; };
		BE5661F12AE262EC007F0B98 /* RoomSceneView.swift */ = {isa = PBXFileReference; fileEncoding = 4; lastKnownFileType = sourcecode.swift; path = RoomSceneView.swift; sourceTree = "<group>"; };
		BE5661FB2AE262EC007F0B98 /* Persistence.swift */ = {isa = PBXFileReference; fileEncoding = 4; lastKnownFileType = sourcecode.swift; path = Persistence.swift; sourceTree = "<group>"; };
		BE5662002AE262EC007F0B98 /* ShotFileInfo.swift */ = {isa = PBXFileReference; fileEncoding = 4; lastKnownFileType = sourcecode.swift; path = ShotFileInfo.swift; sourceTree = "<group>"; };
		BE5662012AE262EC007F0B98 /* TimedMessageList.swift */ = {isa = PBXFileReference; fileEncoding = 4; lastKnownFileType = sourcecode.swift; path = TimedMessageList.swift; sourceTree = "<group>"; };
		BE5662022AE262EC007F0B98 /* FeedbackMessages.swift */ = {isa = PBXFileReference; fileEncoding = 4; lastKnownFileType = sourcecode.swift; path = FeedbackMessages.swift; sourceTree = "<group>"; };
		BE5662032AE262EC007F0B98 /* TutorialVideoView.swift */ = {isa = PBXFileReference; fileEncoding = 4; lastKnownFileType = sourcecode.swift; path = TutorialVideoView.swift; sourceTree = "<group>"; };
		BE5662042AE262EC007F0B98 /* OnboardingStateMachine.swift */ = {isa = PBXFileReference; fileEncoding = 4; lastKnownFileType = sourcecode.swift; path = OnboardingStateMachine.swift; sourceTree = "<group>"; };
		BE5662052AE262EC007F0B98 /* OnboardingTutorialView+LocalizedString.swift */ = {isa = PBXFileReference; fileEncoding = 4; lastKnownFileType = sourcecode.swift; path = "OnboardingTutorialView+LocalizedString.swift"; sourceTree = "<group>"; };
		BE5662062AE262EC007F0B98 /* AppDataModel+Orbit.swift */ = {isa = PBXFileReference; fileEncoding = 4; lastKnownFileType = sourcecode.swift; path = "AppDataModel+Orbit.swift"; sourceTree = "<group>"; };
		BE5662072AE262EC007F0B98 /* OnboardingButtonView+LocalizedString.swift */ = {isa = PBXFileReference; fileEncoding = 4; lastKnownFileType = sourcecode.swift; path = "OnboardingButtonView+LocalizedString.swift"; sourceTree = "<group>"; };
		BE5662082AE262EC007F0B98 /* HelpPageView.swift */ = {isa = PBXFileReference; fileEncoding = 4; lastKnownFileType = sourcecode.swift; path = HelpPageView.swift; sourceTree = "<group>"; };
		BE5662092AE262EC007F0B98 /* ProgressBarView.swift */ = {isa = PBXFileReference; fileEncoding = 4; lastKnownFileType = sourcecode.swift; path = ProgressBarView.swift; sourceTree = "<group>"; };
		BE5662152AE262EC007F0B98 /* CaptureOverlayView.swift */ = {isa = PBXFileReference; fileEncoding = 4; lastKnownFileType = sourcecode.swift; path = CaptureOverlayView.swift; sourceTree = "<group>"; };
		BE5662162AE262EC007F0B98 /* AppDataModel+State.swift */ = {isa = PBXFileReference; fileEncoding = 4; lastKnownFileType = sourcecode.swift; path = "AppDataModel+State.swift"; sourceTree = "<group>"; };
		BE5662172AE262EC007F0B98 /* UntilProcessingCompleteFilter.swift */ = {isa = PBXFileReference; fileEncoding = 4; lastKnownFileType = sourcecode.swift; path = UntilProcessingCompleteFilter.swift; sourceTree = "<group>"; };
		BE5662182AE262EC007F0B98 /* OnboardingButtonView.swift */ = {isa = PBXFileReference; fileEncoding = 4; lastKnownFileType = sourcecode.swift; path = OnboardingButtonView.swift; sourceTree = "<group>"; };
		BE5662192AE262EC007F0B98 /* CaptureOverlayView+LocalizedString.swift */ = {isa = PBXFileReference; fileEncoding = 4; lastKnownFileType = sourcecode.swift; path = "CaptureOverlayView+LocalizedString.swift"; sourceTree = "<group>"; };
		BE56621A2AE262EC007F0B98 /* PlayerView.swift */ = {isa = PBXFileReference; fileEncoding = 4; lastKnownFileType = sourcecode.swift; path = PlayerView.swift; sourceTree = "<group>"; };
		BE56621B2AE262EC007F0B98 /* FeedbackView.swift */ = {isa = PBXFileReference; fileEncoding = 4; lastKnownFileType = sourcecode.swift; path = FeedbackView.swift; sourceTree = "<group>"; };
		BE56621C2AE262EC007F0B98 /* ReconstructionPrimaryView.swift */ = {isa = PBXFileReference; fileEncoding = 4; lastKnownFileType = sourcecode.swift; path = ReconstructionPrimaryView.swift; sourceTree = "<group>"; };
		BE56621D2AE262EC007F0B98 /* AppDataModel.swift */ = {isa = PBXFileReference; fileEncoding = 4; lastKnownFileType = sourcecode.swift; path = AppDataModel.swift; sourceTree = "<group>"; };
		BE56621E2AE262EC007F0B98 /* GuidedCaptureView.swift */ = {isa = PBXFileReference; fileEncoding = 4; lastKnownFileType = sourcecode.swift; path = GuidedCaptureView.swift; sourceTree = "<group>"; };
		BE56621F2AE262EC007F0B98 /* CaptureOverlayView+Buttons.swift */ = {isa = PBXFileReference; fileEncoding = 4; lastKnownFileType = sourcecode.swift; path = "CaptureOverlayView+Buttons.swift"; sourceTree = "<group>"; };
		BE5662202AE262EC007F0B98 /* CapturePrimaryView.swift */ = {isa = PBXFileReference; fileEncoding = 4; lastKnownFileType = sourcecode.swift; path = CapturePrimaryView.swift; sourceTree = "<group>"; };
		BE5662212AE262EC007F0B98 /* OnboardingView.swift */ = {isa = PBXFileReference; fileEncoding = 4; lastKnownFileType = sourcecode.swift; path = OnboardingView.swift; sourceTree = "<group>"; };
		BE5662222AE262EC007F0B98 /* CaptureFolderManager.swift */ = {isa = PBXFileReference; fileEncoding = 4; lastKnownFileType = sourcecode.swift; path = CaptureFolderManager.swift; sourceTree = "<group>"; };
		BE5662232AE262EC007F0B98 /* ModelView.swift */ = {isa = PBXFileReference; fileEncoding = 4; lastKnownFileType = sourcecode.swift; path = ModelView.swift; sourceTree = "<group>"; };
		BE5662242AE262EC007F0B98 /* OnboardingTutorialView.swift */ = {isa = PBXFileReference; fileEncoding = 4; lastKnownFileType = sourcecode.swift; path = OnboardingTutorialView.swift; sourceTree = "<group>"; };
		BE6F98912AE2672400AC6A69 /* ProjectView.swift */ = {isa = PBXFileReference; fileEncoding = 4; lastKnownFileType = sourcecode.swift; path = ProjectView.swift; sourceTree = "<group>"; };
		BE6F98992AE26BA500AC6A69 /* v2floor.usdz */ = {isa = PBXFileReference; lastKnownFileType = file.usdz; path = v2floor.usdz; sourceTree = "<group>"; };
		BE6F989A2AE26BA500AC6A69 /* v2wall2.usdz */ = {isa = PBXFileReference; lastKnownFileType = file.usdz; path = v2wall2.usdz; sourceTree = "<group>"; };
		BE6F989B2AE26BA500AC6A69 /* v2wall1.usdz */ = {isa = PBXFileReference; lastKnownFileType = file.usdz; path = v2wall1.usdz; sourceTree = "<group>"; };
		BE6F989C2AE26BA500AC6A69 /* v2wall4.usdz */ = {isa = PBXFileReference; lastKnownFileType = file.usdz; path = v2wall4.usdz; sourceTree = "<group>"; };
		BE6F989D2AE26BA500AC6A69 /* v2wall3.usdz */ = {isa = PBXFileReference; lastKnownFileType = file.usdz; path = v2wall3.usdz; sourceTree = "<group>"; };
		BE6F99622AE26E1B00AC6A69 /* AppState.swift */ = {isa = PBXFileReference; fileEncoding = 4; lastKnownFileType = sourcecode.swift; path = AppState.swift; sourceTree = "<group>"; };
		BE6F99682AE2725100AC6A69 /* CanvasView.swift */ = {isa = PBXFileReference; lastKnownFileType = sourcecode.swift; path = CanvasView.swift; sourceTree = "<group>"; };
		BE6F996A2AE2728B00AC6A69 /* ImportButtonView.swift */ = {isa = PBXFileReference; lastKnownFileType = sourcecode.swift; path = ImportButtonView.swift; sourceTree = "<group>"; };
		BE6F996C2AE272A400AC6A69 /* ObjectSidebarView.swift */ = {isa = PBXFileReference; lastKnownFileType = sourcecode.swift; path = ObjectSidebarView.swift; sourceTree = "<group>"; };
		BE6F996E2AE272BC00AC6A69 /* RoomSidebarView.swift */ = {isa = PBXFileReference; lastKnownFileType = sourcecode.swift; path = RoomSidebarView.swift; sourceTree = "<group>"; };
		BE6F99702AE272D800AC6A69 /* TopToolbarView.swift */ = {isa = PBXFileReference; lastKnownFileType = sourcecode.swift; path = TopToolbarView.swift; sourceTree = "<group>"; };
		BED427362AE8C39000AD041E /* SCNViewRepresentable.swift */ = {isa = PBXFileReference; lastKnownFileType = sourcecode.swift; path = SCNViewRepresentable.swift; sourceTree = "<group>"; };
/* End PBXFileReference section */

/* Begin PBXFrameworksBuildPhase section */
		BE1AE8732AD3D65800F586CD /* Frameworks */ = {
			isa = PBXFrameworksBuildPhase;
			buildActionMask = 2147483647;
			files = (
			);
			runOnlyForDeploymentPostprocessing = 0;
		};
/* End PBXFrameworksBuildPhase section */

/* Begin PBXGroup section */
		210C7FEB2AD52BED00E01229 /* Object */ = {
			isa = PBXGroup;
			children = (
				21C90BFB2AD685F60003D517 /* 3D Object */,
			);
			path = Object;
			sourceTree = "<group>";
		};
		210C7FF32AD531FB00E01229 /* CoreData */ = {
			isa = PBXGroup;
			children = (
				210C7FF02AD531C200E01229 /* Model.xcdatamodeld */,
				210C80132AD5343400E01229 /* Persistence.swift */,
			);
			path = CoreData;
			sourceTree = "<group>";
		};
		21C90BFB2AD685F60003D517 /* 3D Object */ = {
			isa = PBXGroup;
			children = (
				213E25A32AFCBAED00737AD8 /* v3floorhitam.usdz */,
				213E25A42AFCBAED00737AD8 /* v3floorputih.usdz */,
				213E25A02AFCBAEC00737AD8 /* v3wall1putih.usdz */,
				213E259F2AFCBAEC00737AD8 /* v3wall2putih.usdz */,
				213E25A22AFCBAEC00737AD8 /* v3wall3putih.usdz */,
				213E25A12AFCBAEC00737AD8 /* v3wall4putih.usdz */,
				940CF46D2AEA5AC100F3EB7C /* Ko farel.usdz */,
				940CF4752AEA5D6500F3EB7C /* hightable.usdz */,
				940CF4732AEA5C7D00F3EB7C /* floorblack.usdz */,
				940CF4782AEA5F3E00F3EB7C /* wall1white.usdz */,
				940CF47A2AEA5F3E00F3EB7C /* wall2white.usdz */,
				940CF4772AEA5F3E00F3EB7C /* wall3white.usdz */,
				940CF4792AEA5F3E00F3EB7C /* wall4white.usdz */,
				BE6F98992AE26BA500AC6A69 /* v2floor.usdz */,
				BE6F989B2AE26BA500AC6A69 /* v2wall1.usdz */,
				BE6F989A2AE26BA500AC6A69 /* v2wall2.usdz */,
				BE6F989D2AE26BA500AC6A69 /* v2wall3.usdz */,
				BE6F989C2AE26BA500AC6A69 /* v2wall4.usdz */,
				BE229C8B2AEB96CB00AEEFF4 /* OfficeTableGroup.usdz */,
				94DDE9512ADE8FFA007915FF /* OfficeTable.usdz */,
			);
			path = "3D Object";
			sourceTree = "<group>";
		};
		21C90C3F2AD6A1440003D517 /* Service */ = {
			isa = PBXGroup;
			children = (
				BE6F99622AE26E1B00AC6A69 /* AppState.swift */,
				94DDE93B2ADE8FFA007915FF /* TransitionExtension.swift */,
				94DDE93D2ADE8FFA007915FF /* ColorExtension.swift */,
				21C90C402AD6A15B0003D517 /* RouterView.swift */,
			);
			path = Service;
			sourceTree = "<group>";
		};
		9487BDE22ADE93B0004FCC67 /* Guided Capture */ = {
			isa = PBXGroup;
			children = (
				9487BDF52ADE93B0004FCC67 /* AppDataModel.swift */,
				9487BDE92ADE93B0004FCC67 /* AppDataModel+Orbit.swift */,
				9487BDEE2ADE93B0004FCC67 /* AppDataModel+State.swift */,
				9487BDFA2ADE93B0004FCC67 /* CaptureFolderManager.swift */,
				9487BDED2ADE93B0004FCC67 /* CaptureOverlayView.swift */,
				9487BDF72ADE93B0004FCC67 /* CaptureOverlayView+Buttons.swift */,
				9487BDF12ADE93B0004FCC67 /* CaptureOverlayView+LocalizedString.swift */,
				9487BDF82ADE93B0004FCC67 /* CapturePrimaryView.swift */,
				9487BDE52ADE93B0004FCC67 /* FeedbackMessages.swift */,
				9487BDF32ADE93B0004FCC67 /* FeedbackView.swift */,
				9487BDF62ADE93B0004FCC67 /* GuidedCaptureView.swift */,
				9487BDEB2ADE93B0004FCC67 /* HelpPageView.swift */,
				9487BDFB2ADE93B0004FCC67 /* ModelView.swift */,
				9487BDF02ADE93B0004FCC67 /* OnboardingButtonView.swift */,
				9487BDEA2ADE93B0004FCC67 /* OnboardingButtonView+LocalizedString.swift */,
				9487BDE72ADE93B0004FCC67 /* OnboardingStateMachine.swift */,
				9487BDFC2ADE93B0004FCC67 /* OnboardingTutorialView.swift */,
				9487BDE82ADE93B0004FCC67 /* OnboardingTutorialView+LocalizedString.swift */,
				9487BDF92ADE93B0004FCC67 /* OnboardingView.swift */,
				9487BDF22ADE93B0004FCC67 /* PlayerView.swift */,
				9487BDEC2ADE93B0004FCC67 /* ProgressBarView.swift */,
				9487BDF42ADE93B0004FCC67 /* ReconstructionPrimaryView.swift */,
				9487BE172ADE93CF004FCC67 /* Resources */,
				9487BDE32ADE93B0004FCC67 /* ShotFileInfo.swift */,
				9487BDE42ADE93B0004FCC67 /* TimedMessageList.swift */,
				9487BDE62ADE93B0004FCC67 /* TutorialVideoView.swift */,
				9487BDEF2ADE93B0004FCC67 /* UntilProcessingCompleteFilter.swift */,
			);
			path = "Guided Capture";
			sourceTree = "<group>";
		};
		9487BE172ADE93CF004FCC67 /* Resources */ = {
			isa = PBXGroup;
			children = (
				9487BE182ADE93CF004FCC67 /* ScanPasses-iPhone-FixedHeight-unflippable-low.mp4 */,
				9487BE192ADE93CF004FCC67 /* ScanPasses-iPhone-FixedHeight-1.mp4 */,
				9487BE1A2ADE93CF004FCC67 /* ScanPasses-iPad-FixedHeight-unflippable-high.mp4 */,
				9487BE1B2ADE93CF004FCC67 /* ScanPasses-iPhone-FixedHeight-2.mp4 */,
				9487BE1C2ADE93CF004FCC67 /* ScanPasses-iPhone-FixedHeight-3.mp4 */,
				9487BE1D2ADE93CF004FCC67 /* ScanPasses-iPhone-FixedHeight-unflippable-high.mp4 */,
				9487BE1E2ADE93CF004FCC67 /* ScanPasses-iPad-FixedHeight-2.mp4 */,
				9487BE1F2ADE93CF004FCC67 /* ScanPasses-iPad-FixedHeight-3.mp4 */,
				9487BE202ADE93CF004FCC67 /* ScanPasses-iPad-FixedHeight-1.mp4 */,
				9487BE212ADE93CF004FCC67 /* ScanPasses-iPad-FixedHeight-unflippable-low.mp4 */,
			);
			path = Resources;
			sourceTree = "<group>";
		};
		94DDE93F2ADE8FFA007915FF /* RoomPlan */ = {
			isa = PBXGroup;
			children = (
				94DDE9402ADE8FFA007915FF /* OnboardingViewControllerWrapper.swift */,
				94DDE9412ADE8FFA007915FF /* LaunchScreen.storyboard */,
				94DDE9422ADE8FFA007915FF /* Main.storyboard */,
				94DDE9432ADE8FFA007915FF /* OnboardingViewController.swift */,
				94DDE9442ADE8FFA007915FF /* UnsupportedDevice.storyboard */,
				94DDE9452ADE8FFA007915FF /* RoomCaptureViewController.swift */,
			);
			path = RoomPlan;
			sourceTree = "<group>";
		};
		BE10DDB12AE7A34C007D1A8E /* Preview Content */ = {
			isa = PBXGroup;
			children = (
				BE10DDB22AE7A34C007D1A8E /* Preview Assets.xcassets */,
			);
			name = "Preview Content";
			path = "../../../../../Downloads/macro-team3-2023-281feca5adfe93b9c20d495b8a6d9575870f98f6/macro2023/Preview Content";
			sourceTree = "<group>";
		};
		BE1AE86D2AD3D65800F586CD = {
			isa = PBXGroup;
			children = (
				BE1AE8782AD3D65800F586CD /* macro2023 */,
				BE1AE8772AD3D65800F586CD /* Products */,
				BE6F98892AE2654800AC6A69 /* Recovered References */,
			);
			sourceTree = "<group>";
		};
		BE1AE8772AD3D65800F586CD /* Products */ = {
			isa = PBXGroup;
			children = (
				BE1AE8762AD3D65800F586CD /* macro2023.app */,
			);
			name = Products;
			sourceTree = "<group>";
		};
		BE1AE8782AD3D65800F586CD /* macro2023 */ = {
			isa = PBXGroup;
			children = (
				94DDE93F2ADE8FFA007915FF /* RoomPlan */,
				21C90C3F2AD6A1440003D517 /* Service */,
				9487BDE22ADE93B0004FCC67 /* Guided Capture */,
				BE6F99672AE271BE00AC6A69 /* ProjectCanvas */,
				BE6F98972AE26AF700AC6A69 /* ProjectManager */,
				210C7FF32AD531FB00E01229 /* CoreData */,
				210C7FEB2AD52BED00E01229 /* Object */,
				BE1AE87D2AD3D65900F586CD /* Assets.xcassets */,
				BE10DDB12AE7A34C007D1A8E /* Preview Content */,
				94DDE92F2ADE8FF9007915FF /* macro2023-Bridging-Header.h */,
				94DDE9552ADE8FFA007915FF /* macro2023App.swift */,
			);
			path = macro2023;
			sourceTree = "<group>";
		};
		BE6F98892AE2654800AC6A69 /* Recovered References */ = {
			isa = PBXGroup;
			children = (
				BE5661D52AE262EC007F0B98 /* ToolbarView.swift */,
				BE5661D32AE262EC007F0B98 /* CanvasView.swift */,
				BE5661CA2AE262EC007F0B98 /* OnboardingViewControllerWrapper.swift */,
				BE5662022AE262EC007F0B98 /* FeedbackMessages.swift */,
				BE5661DE2AE262EC007F0B98 /* TransitionExt.swift */,
				BE5662172AE262EC007F0B98 /* UntilProcessingCompleteFilter.swift */,
				BE5661D82AE262EC007F0B98 /* ProjectView.swift */,
				BE56621B2AE262EC007F0B98 /* FeedbackView.swift */,
				BE56621A2AE262EC007F0B98 /* PlayerView.swift */,
				BE5661FB2AE262EC007F0B98 /* Persistence.swift */,
				BE5662192AE262EC007F0B98 /* CaptureOverlayView+LocalizedString.swift */,
				BE5662082AE262EC007F0B98 /* HelpPageView.swift */,
				BE5661DA2AE262EC007F0B98 /* ContentView.swift */,
				BE5661E12AE262EC007F0B98 /* ToolbarModel.swift */,
				BE5661ED2AE262EC007F0B98 /* CanvasData.swift */,
				BE5662202AE262EC007F0B98 /* CapturePrimaryView.swift */,
				BE5662232AE262EC007F0B98 /* ModelView.swift */,
				BE5662042AE262EC007F0B98 /* OnboardingStateMachine.swift */,
				BE5662032AE262EC007F0B98 /* TutorialVideoView.swift */,
				BE5662072AE262EC007F0B98 /* OnboardingButtonView+LocalizedString.swift */,
				BE5662162AE262EC007F0B98 /* AppDataModel+State.swift */,
				BE5661DF2AE262EC007F0B98 /* CanvasViewModel.swift */,
				BE5661D62AE262EC007F0B98 /* TopToolbarView.swift */,
				BE5661E02AE262EC007F0B98 /* ColorExt.swift */,
				BE5662212AE262EC007F0B98 /* OnboardingView.swift */,
				BE5661F12AE262EC007F0B98 /* RoomSceneView.swift */,
				BE56621C2AE262EC007F0B98 /* ReconstructionPrimaryView.swift */,
				BE56621E2AE262EC007F0B98 /* GuidedCaptureView.swift */,
				BE5662062AE262EC007F0B98 /* AppDataModel+Orbit.swift */,
				BE5661E42AE262EC007F0B98 /* ContentViewModel.swift */,
				BE56621D2AE262EC007F0B98 /* AppDataModel.swift */,
				BE5661E32AE262EC007F0B98 /* CanvasViewModel.swift */,
				BE5661DC2AE262EC007F0B98 /* SizePopUpView.swift */,
				BE5662012AE262EC007F0B98 /* TimedMessageList.swift */,
				BE5661D92AE262EC007F0B98 /* RoomSidebarView.swift */,
				BE5662182AE262EC007F0B98 /* OnboardingButtonView.swift */,
				BE5662002AE262EC007F0B98 /* ShotFileInfo.swift */,
				BE5662242AE262EC007F0B98 /* OnboardingTutorialView.swift */,
				BE5661D42AE262EC007F0B98 /* ObjectSidebarView.swift */,
				BE5662152AE262EC007F0B98 /* CaptureOverlayView.swift */,
				BE5661CD2AE262EC007F0B98 /* OnboardingViewController.swift */,
				BE56621F2AE262EC007F0B98 /* CaptureOverlayView+Buttons.swift */,
				BE5661D12AE262EC007F0B98 /* BackRoot.swift */,
				BE5661F02AE262EC007F0B98 /* RoomSceneViewModel.swift */,
				BE5662052AE262EC007F0B98 /* OnboardingTutorialView+LocalizedString.swift */,
				BE5661CF2AE262EC007F0B98 /* RoomCaptureViewController.swift */,
				BE5662092AE262EC007F0B98 /* ProgressBarView.swift */,
				BE5661EF2AE262EC007F0B98 /* RoomSceneModel.swift */,
				BE5661D72AE262EC007F0B98 /* DocumentView.swift */,
				BE5661DB2AE262EC007F0B98 /* ImportButtonView.swift */,
				BE5662222AE262EC007F0B98 /* CaptureFolderManager.swift */,
			);
			name = "Recovered References";
			sourceTree = "<group>";
		};
		BE6F98972AE26AF700AC6A69 /* ProjectManager */ = {
			isa = PBXGroup;
			children = (
				BE6F99652AE26E3D00AC6A69 /* Model */,
				BE6F99642AE26E3300AC6A69 /* ViewModel */,
				BE6F98982AE26B2000AC6A69 /* View */,
			);
			path = ProjectManager;
			sourceTree = "<group>";
		};
		BE6F98982AE26B2000AC6A69 /* View */ = {
			isa = PBXGroup;
			children = (
				BE6F98912AE2672400AC6A69 /* ProjectView.swift */,
			);
			path = View;
			sourceTree = "<group>";
		};
		BE6F99642AE26E3300AC6A69 /* ViewModel */ = {
			isa = PBXGroup;
			children = (
				21C90C422AD7CC810003D517 /* ProjectViewModel.swift */,
			);
			path = ViewModel;
			sourceTree = "<group>";
		};
		BE6F99652AE26E3D00AC6A69 /* Model */ = {
			isa = PBXGroup;
			children = (
				21C90C182AD694880003D517 /* ProjectData.swift */,
			);
			path = Model;
			sourceTree = "<group>";
		};
		BE6F99672AE271BE00AC6A69 /* ProjectCanvas */ = {
			isa = PBXGroup;
			children = (
				BE6F99742AE2739800AC6A69 /* Model */,
				BE6F99732AE2738B00AC6A69 /* ViewModel */,
				BE6F99722AE2738200AC6A69 /* View */,
			);
			path = ProjectCanvas;
			sourceTree = "<group>";
		};
		BE6F99722AE2738200AC6A69 /* View */ = {
			isa = PBXGroup;
			children = (
				94DDE9532ADE8FFA007915FF /* RoomScene.scn */,
				2135F0632AF105B500A3DD9A /* ThumbnailView.swift */,
				94DDE94B2ADE8FFA007915FF /* RoomSceneView.swift */,
				BE6F99682AE2725100AC6A69 /* CanvasView.swift */,
				BE6F996A2AE2728B00AC6A69 /* ImportButtonView.swift */,
				BE6F996C2AE272A400AC6A69 /* ObjectSidebarView.swift */,
				BE6F996E2AE272BC00AC6A69 /* RoomSidebarView.swift */,
				BE6F99702AE272D800AC6A69 /* TopToolbarView.swift */,
				943595CE2AE8F152000331A9 /* ScenekitView.swift */,
				974199542AE7A26900D96E7F /* ObjectSizeView.swift */,
				974199562AE7BA2600D96E7F /* ObjectListView.swift */,
			);
			path = View;
			sourceTree = "<group>";
		};
		BE6F99732AE2738B00AC6A69 /* ViewModel */ = {
			isa = PBXGroup;
			children = (
				94DDE94A2ADE8FFA007915FF /* CanvasDataViewModel.swift */,
				2128E7E02AE7A2C900FD6B99 /* ObjectViewModel.swift */,
				213E259D2AFB7A0600737AD8 /* RoomPlanViewModel.swift */,
			);
			path = ViewModel;
			sourceTree = "<group>";
		};
		BE6F99742AE2739800AC6A69 /* Model */ = {
			isa = PBXGroup;
			children = (
				94DDE9492ADE8FFA007915FF /* CanvasData.swift */,
				940CF4832AEA69E900F3EB7C /* ObjectDimensionData.swift */,
				BED427362AE8C39000AD041E /* SCNViewRepresentable.swift */,
			);
			path = Model;
			sourceTree = "<group>";
		};
/* End PBXGroup section */

/* Begin PBXNativeTarget section */
		BE1AE8752AD3D65800F586CD /* macro2023 */ = {
			isa = PBXNativeTarget;
			buildConfigurationList = BE1AE8842AD3D65900F586CD /* Build configuration list for PBXNativeTarget "macro2023" */;
			buildPhases = (
				BE1AE8722AD3D65800F586CD /* Sources */,
				BE1AE8732AD3D65800F586CD /* Frameworks */,
				BE1AE8742AD3D65800F586CD /* Resources */,
			);
			buildRules = (
			);
			dependencies = (
			);
			name = macro2023;
			productName = macro2023;
			productReference = BE1AE8762AD3D65800F586CD /* macro2023.app */;
			productType = "com.apple.product-type.application";
		};
/* End PBXNativeTarget section */

/* Begin PBXProject section */
		BE1AE86E2AD3D65800F586CD /* Project object */ = {
			isa = PBXProject;
			attributes = {
				BuildIndependentTargetsInParallel = 1;
				LastSwiftUpdateCheck = 1500;
				LastUpgradeCheck = 1500;
				TargetAttributes = {
					BE1AE8752AD3D65800F586CD = {
						CreatedOnToolsVersion = 15.0;
						LastSwiftMigration = 1500;
					};
				};
			};
			buildConfigurationList = BE1AE8712AD3D65800F586CD /* Build configuration list for PBXProject "macro2023" */;
			compatibilityVersion = "Xcode 14.0";
			developmentRegion = en;
			hasScannedForEncodings = 0;
			knownRegions = (
				en,
				Base,
			);
			mainGroup = BE1AE86D2AD3D65800F586CD;
			productRefGroup = BE1AE8772AD3D65800F586CD /* Products */;
			projectDirPath = "";
			projectRoot = "";
			targets = (
				BE1AE8752AD3D65800F586CD /* macro2023 */,
			);
		};
/* End PBXProject section */

/* Begin PBXResourcesBuildPhase section */
		BE1AE8742AD3D65800F586CD /* Resources */ = {
			isa = PBXResourcesBuildPhase;
			buildActionMask = 2147483647;
			files = (
				213E25A52AFCBAED00737AD8 /* v3wall2putih.usdz in Resources */,
				213E25A62AFCBAED00737AD8 /* v3wall1putih.usdz in Resources */,
				213E25A72AFCBAED00737AD8 /* v3wall4putih.usdz in Resources */,
				213E25A82AFCBAED00737AD8 /* v3wall3putih.usdz in Resources */,
				213E25A92AFCBAED00737AD8 /* v3floorhitam.usdz in Resources */,
				213E25AA2AFCBAED00737AD8 /* v3floorputih.usdz in Resources */,
				940CF47C2AEA5F3E00F3EB7C /* wall1white.usdz in Resources */,
				BE6F98A02AE26BA500AC6A69 /* v2wall1.usdz in Resources */,
				9487BE232ADE93CF004FCC67 /* ScanPasses-iPhone-FixedHeight-1.mp4 in Resources */,
				9487BE222ADE93CF004FCC67 /* ScanPasses-iPhone-FixedHeight-unflippable-low.mp4 in Resources */,
				9487BE242ADE93CF004FCC67 /* ScanPasses-iPad-FixedHeight-unflippable-high.mp4 in Resources */,
				BE6F98A22AE26BA500AC6A69 /* v2wall3.usdz in Resources */,
				9487BE272ADE93CF004FCC67 /* ScanPasses-iPhone-FixedHeight-unflippable-high.mp4 in Resources */,
				940CF4762AEA5D6500F3EB7C /* hightable.usdz in Resources */,
				940CF46E2AEA5AC100F3EB7C /* Ko farel.usdz in Resources */,
				9487BE282ADE93CF004FCC67 /* ScanPasses-iPad-FixedHeight-2.mp4 in Resources */,
				94DDE9732ADE8FFA007915FF /* RoomScene.scn in Resources */,
				940CF4742AEA5C7D00F3EB7C /* floorblack.usdz in Resources */,
				9487BE252ADE93CF004FCC67 /* ScanPasses-iPhone-FixedHeight-2.mp4 in Resources */,
				BE6F98A12AE26BA500AC6A69 /* v2wall4.usdz in Resources */,
				94DDE9672ADE8FFA007915FF /* UnsupportedDevice.storyboard in Resources */,
				94DDE9642ADE8FFA007915FF /* LaunchScreen.storyboard in Resources */,
				940CF47D2AEA5F3E00F3EB7C /* wall4white.usdz in Resources */,
				BE10DDB32AE7A34C007D1A8E /* Preview Assets.xcassets in Resources */,
				BE1AE87E2AD3D65900F586CD /* Assets.xcassets in Resources */,
				9487BE2A2ADE93CF004FCC67 /* ScanPasses-iPad-FixedHeight-1.mp4 in Resources */,
				9487BE262ADE93CF004FCC67 /* ScanPasses-iPhone-FixedHeight-3.mp4 in Resources */,
				940CF47E2AEA5F3E00F3EB7C /* wall2white.usdz in Resources */,
				940CF47B2AEA5F3E00F3EB7C /* wall3white.usdz in Resources */,
				BE6F989E2AE26BA500AC6A69 /* v2floor.usdz in Resources */,
				BE229C8C2AEB96CB00AEEFF4 /* OfficeTableGroup.usdz in Resources */,
				94DDE9712ADE8FFA007915FF /* OfficeTable.usdz in Resources */,
				9487BE2B2ADE93CF004FCC67 /* ScanPasses-iPad-FixedHeight-unflippable-low.mp4 in Resources */,
				9487BE292ADE93CF004FCC67 /* ScanPasses-iPad-FixedHeight-3.mp4 in Resources */,
				BE6F989F2AE26BA500AC6A69 /* v2wall2.usdz in Resources */,
				94DDE9652ADE8FFA007915FF /* Main.storyboard in Resources */,
			);
			runOnlyForDeploymentPostprocessing = 0;
		};
/* End PBXResourcesBuildPhase section */

/* Begin PBXSourcesBuildPhase section */
		BE1AE8722AD3D65800F586CD /* Sources */ = {
			isa = PBXSourcesBuildPhase;
			buildActionMask = 2147483647;
			files = (
				BE6F988A2AE265D200AC6A69 /* macro2023App.swift in Sources */,
				9487BE042ADE93B0004FCC67 /* OnboardingButtonView+LocalizedString.swift in Sources */,
				BE6F99692AE2725100AC6A69 /* CanvasView.swift in Sources */,
				940CF4842AEA69E900F3EB7C /* ObjectDimensionData.swift in Sources */,
				94DDE96C2ADE8FFA007915FF /* RoomSceneView.swift in Sources */,
				2128E7E12AE7A2C900FD6B99 /* ObjectViewModel.swift in Sources */,
				BE6F996B2AE2728B00AC6A69 /* ImportButtonView.swift in Sources */,
				94DDE9612ADE8FFA007915FF /* ColorExtension.swift in Sources */,
				94DDE96A2ADE8FFA007915FF /* CanvasData.swift in Sources */,
				94DDE96B2ADE8FFA007915FF /* CanvasDataViewModel.swift in Sources */,
				9487BE0E2ADE93B0004FCC67 /* ReconstructionPrimaryView.swift in Sources */,
				9487BE082ADE93B0004FCC67 /* AppDataModel+State.swift in Sources */,
				9487BE162ADE93B0004FCC67 /* OnboardingTutorialView.swift in Sources */,
				9487BE072ADE93B0004FCC67 /* CaptureOverlayView.swift in Sources */,
				94DDE95F2ADE8FFA007915FF /* TransitionExtension.swift in Sources */,
				9487BE0F2ADE93B0004FCC67 /* AppDataModel.swift in Sources */,
				94DDE9662ADE8FFA007915FF /* OnboardingViewController.swift in Sources */,
				9487BE0B2ADE93B0004FCC67 /* CaptureOverlayView+LocalizedString.swift in Sources */,
				9487BDFF2ADE93B0004FCC67 /* FeedbackMessages.swift in Sources */,
				974199552AE7A26900D96E7F /* ObjectSizeView.swift in Sources */,
				9487BE102ADE93B0004FCC67 /* GuidedCaptureView.swift in Sources */,
				9487BDFD2ADE93B0004FCC67 /* ShotFileInfo.swift in Sources */,
				213E259E2AFB7A0600737AD8 /* RoomPlanViewModel.swift in Sources */,
				9487BE0A2ADE93B0004FCC67 /* OnboardingButtonView.swift in Sources */,
				9487BE022ADE93B0004FCC67 /* OnboardingTutorialView+LocalizedString.swift in Sources */,
				9487BE142ADE93B0004FCC67 /* CaptureFolderManager.swift in Sources */,
				9487BE132ADE93B0004FCC67 /* OnboardingView.swift in Sources */,
				2135F0642AF105B500A3DD9A /* ThumbnailView.swift in Sources */,
				9487BE002ADE93B0004FCC67 /* TutorialVideoView.swift in Sources */,
				9487BE062ADE93B0004FCC67 /* ProgressBarView.swift in Sources */,
				9487BE092ADE93B0004FCC67 /* UntilProcessingCompleteFilter.swift in Sources */,
				94DDE9682ADE8FFA007915FF /* RoomCaptureViewController.swift in Sources */,
				9487BE122ADE93B0004FCC67 /* CapturePrimaryView.swift in Sources */,
				BED427372AE8C39000AD041E /* SCNViewRepresentable.swift in Sources */,
				9487BE0C2ADE93B0004FCC67 /* PlayerView.swift in Sources */,
				BE6F99712AE272D800AC6A69 /* TopToolbarView.swift in Sources */,
				9487BE052ADE93B0004FCC67 /* HelpPageView.swift in Sources */,
				9487BE0D2ADE93B0004FCC67 /* FeedbackView.swift in Sources */,
				9487BE112ADE93B0004FCC67 /* CaptureOverlayView+Buttons.swift in Sources */,
				9487BE012ADE93B0004FCC67 /* OnboardingStateMachine.swift in Sources */,
				974199572AE7BA2600D96E7F /* ObjectListView.swift in Sources */,
				9487BDFE2ADE93B0004FCC67 /* TimedMessageList.swift in Sources */,
				BE6F996F2AE272BC00AC6A69 /* RoomSidebarView.swift in Sources */,
				9487BE152ADE93B0004FCC67 /* ModelView.swift in Sources */,
				BE6F996D2AE272A400AC6A69 /* ObjectSidebarView.swift in Sources */,
				94DDE9632ADE8FFA007915FF /* OnboardingViewControllerWrapper.swift in Sources */,
				BE6F98922AE2672400AC6A69 /* ProjectView.swift in Sources */,
				BE56624F2AE262EC007F0B98 /* (null) in Sources */,
				9487BE032ADE93B0004FCC67 /* AppDataModel+Orbit.swift in Sources */,
				BE6F99632AE26E1B00AC6A69 /* AppState.swift in Sources */,
				21C90C192AD694880003D517 /* ProjectData.swift in Sources */,
				21C90C432AD7CC810003D517 /* ProjectViewModel.swift in Sources */,
				210C7FF22AD531C200E01229 /* Model.xcdatamodeld in Sources */,
				943595CF2AE8F152000331A9 /* ScenekitView.swift in Sources */,
				210C80142AD5343400E01229 /* Persistence.swift in Sources */,
				21C90C412AD6A15B0003D517 /* RouterView.swift in Sources */,
			);
			runOnlyForDeploymentPostprocessing = 0;
		};
/* End PBXSourcesBuildPhase section */

/* Begin XCBuildConfiguration section */
		BE1AE8822AD3D65900F586CD /* Debug */ = {
			isa = XCBuildConfiguration;
			buildSettings = {
				ALWAYS_SEARCH_USER_PATHS = NO;
				ASSETCATALOG_COMPILER_GENERATE_SWIFT_ASSET_SYMBOL_EXTENSIONS = YES;
				CLANG_ANALYZER_NONNULL = YES;
				CLANG_ANALYZER_NUMBER_OBJECT_CONVERSION = YES_AGGRESSIVE;
				CLANG_CXX_LANGUAGE_STANDARD = "gnu++20";
				CLANG_ENABLE_MODULES = YES;
				CLANG_ENABLE_OBJC_ARC = YES;
				CLANG_ENABLE_OBJC_WEAK = YES;
				CLANG_WARN_BLOCK_CAPTURE_AUTORELEASING = YES;
				CLANG_WARN_BOOL_CONVERSION = YES;
				CLANG_WARN_COMMA = YES;
				CLANG_WARN_CONSTANT_CONVERSION = YES;
				CLANG_WARN_DEPRECATED_OBJC_IMPLEMENTATIONS = YES;
				CLANG_WARN_DIRECT_OBJC_ISA_USAGE = YES_ERROR;
				CLANG_WARN_DOCUMENTATION_COMMENTS = YES;
				CLANG_WARN_EMPTY_BODY = YES;
				CLANG_WARN_ENUM_CONVERSION = YES;
				CLANG_WARN_INFINITE_RECURSION = YES;
				CLANG_WARN_INT_CONVERSION = YES;
				CLANG_WARN_NON_LITERAL_NULL_CONVERSION = YES;
				CLANG_WARN_OBJC_IMPLICIT_RETAIN_SELF = YES;
				CLANG_WARN_OBJC_LITERAL_CONVERSION = YES;
				CLANG_WARN_OBJC_ROOT_CLASS = YES_ERROR;
				CLANG_WARN_QUOTED_INCLUDE_IN_FRAMEWORK_HEADER = YES;
				CLANG_WARN_RANGE_LOOP_ANALYSIS = YES;
				CLANG_WARN_STRICT_PROTOTYPES = YES;
				CLANG_WARN_SUSPICIOUS_MOVE = YES;
				CLANG_WARN_UNGUARDED_AVAILABILITY = YES_AGGRESSIVE;
				CLANG_WARN_UNREACHABLE_CODE = YES;
				CLANG_WARN__DUPLICATE_METHOD_MATCH = YES;
				COPY_PHASE_STRIP = NO;
				DEBUG_INFORMATION_FORMAT = dwarf;
				ENABLE_STRICT_OBJC_MSGSEND = YES;
				ENABLE_TESTABILITY = YES;
				ENABLE_USER_SCRIPT_SANDBOXING = YES;
				GCC_C_LANGUAGE_STANDARD = gnu17;
				GCC_DYNAMIC_NO_PIC = NO;
				GCC_NO_COMMON_BLOCKS = YES;
				GCC_OPTIMIZATION_LEVEL = 0;
				GCC_PREPROCESSOR_DEFINITIONS = (
					"DEBUG=1",
					"$(inherited)",
				);
				GCC_WARN_64_TO_32_BIT_CONVERSION = YES;
				GCC_WARN_ABOUT_RETURN_TYPE = YES_ERROR;
				GCC_WARN_UNDECLARED_SELECTOR = YES;
				GCC_WARN_UNINITIALIZED_AUTOS = YES_AGGRESSIVE;
				GCC_WARN_UNUSED_FUNCTION = YES;
				GCC_WARN_UNUSED_VARIABLE = YES;
				IPHONEOS_DEPLOYMENT_TARGET = 17.0;
				LOCALIZATION_PREFERS_STRING_CATALOGS = YES;
				MTL_ENABLE_DEBUG_INFO = INCLUDE_SOURCE;
				MTL_FAST_MATH = YES;
				ONLY_ACTIVE_ARCH = YES;
				SDKROOT = iphoneos;
				SWIFT_ACTIVE_COMPILATION_CONDITIONS = "DEBUG $(inherited)";
				SWIFT_OPTIMIZATION_LEVEL = "-Onone";
			};
			name = Debug;
		};
		BE1AE8832AD3D65900F586CD /* Release */ = {
			isa = XCBuildConfiguration;
			buildSettings = {
				ALWAYS_SEARCH_USER_PATHS = NO;
				ASSETCATALOG_COMPILER_GENERATE_SWIFT_ASSET_SYMBOL_EXTENSIONS = YES;
				CLANG_ANALYZER_NONNULL = YES;
				CLANG_ANALYZER_NUMBER_OBJECT_CONVERSION = YES_AGGRESSIVE;
				CLANG_CXX_LANGUAGE_STANDARD = "gnu++20";
				CLANG_ENABLE_MODULES = YES;
				CLANG_ENABLE_OBJC_ARC = YES;
				CLANG_ENABLE_OBJC_WEAK = YES;
				CLANG_WARN_BLOCK_CAPTURE_AUTORELEASING = YES;
				CLANG_WARN_BOOL_CONVERSION = YES;
				CLANG_WARN_COMMA = YES;
				CLANG_WARN_CONSTANT_CONVERSION = YES;
				CLANG_WARN_DEPRECATED_OBJC_IMPLEMENTATIONS = YES;
				CLANG_WARN_DIRECT_OBJC_ISA_USAGE = YES_ERROR;
				CLANG_WARN_DOCUMENTATION_COMMENTS = YES;
				CLANG_WARN_EMPTY_BODY = YES;
				CLANG_WARN_ENUM_CONVERSION = YES;
				CLANG_WARN_INFINITE_RECURSION = YES;
				CLANG_WARN_INT_CONVERSION = YES;
				CLANG_WARN_NON_LITERAL_NULL_CONVERSION = YES;
				CLANG_WARN_OBJC_IMPLICIT_RETAIN_SELF = YES;
				CLANG_WARN_OBJC_LITERAL_CONVERSION = YES;
				CLANG_WARN_OBJC_ROOT_CLASS = YES_ERROR;
				CLANG_WARN_QUOTED_INCLUDE_IN_FRAMEWORK_HEADER = YES;
				CLANG_WARN_RANGE_LOOP_ANALYSIS = YES;
				CLANG_WARN_STRICT_PROTOTYPES = YES;
				CLANG_WARN_SUSPICIOUS_MOVE = YES;
				CLANG_WARN_UNGUARDED_AVAILABILITY = YES_AGGRESSIVE;
				CLANG_WARN_UNREACHABLE_CODE = YES;
				CLANG_WARN__DUPLICATE_METHOD_MATCH = YES;
				COPY_PHASE_STRIP = NO;
				DEBUG_INFORMATION_FORMAT = "dwarf-with-dsym";
				ENABLE_NS_ASSERTIONS = NO;
				ENABLE_STRICT_OBJC_MSGSEND = YES;
				ENABLE_USER_SCRIPT_SANDBOXING = YES;
				GCC_C_LANGUAGE_STANDARD = gnu17;
				GCC_NO_COMMON_BLOCKS = YES;
				GCC_WARN_64_TO_32_BIT_CONVERSION = YES;
				GCC_WARN_ABOUT_RETURN_TYPE = YES_ERROR;
				GCC_WARN_UNDECLARED_SELECTOR = YES;
				GCC_WARN_UNINITIALIZED_AUTOS = YES_AGGRESSIVE;
				GCC_WARN_UNUSED_FUNCTION = YES;
				GCC_WARN_UNUSED_VARIABLE = YES;
				IPHONEOS_DEPLOYMENT_TARGET = 17.0;
				LOCALIZATION_PREFERS_STRING_CATALOGS = YES;
				MTL_ENABLE_DEBUG_INFO = NO;
				MTL_FAST_MATH = YES;
				SDKROOT = iphoneos;
				SWIFT_COMPILATION_MODE = wholemodule;
				VALIDATE_PRODUCT = YES;
			};
			name = Release;
		};
		BE1AE8852AD3D65900F586CD /* Debug */ = {
			isa = XCBuildConfiguration;
			buildSettings = {
				ASSETCATALOG_COMPILER_APPICON_NAME = AppIcon;
				ASSETCATALOG_COMPILER_GLOBAL_ACCENT_COLOR_NAME = AccentColor;
				CLANG_ENABLE_MODULES = YES;
				CODE_SIGN_STYLE = Automatic;
				CURRENT_PROJECT_VERSION = 1;
				DEVELOPMENT_ASSET_PATHS = "\"macro2023/Preview Content\"";
				DEVELOPMENT_TEAM = 4QQ5D4534V;
				ENABLE_PREVIEWS = YES;
				GENERATE_INFOPLIST_FILE = YES;
				INFOPLIST_KEY_NSCameraUsageDescription = "Camera needed to function";
				INFOPLIST_KEY_UIApplicationSceneManifest_Generation = YES;
				INFOPLIST_KEY_UIApplicationSupportsIndirectInputEvents = YES;
				INFOPLIST_KEY_UILaunchScreen_Generation = YES;
				INFOPLIST_KEY_UISupportedInterfaceOrientations = "UIInterfaceOrientationLandscapeLeft UIInterfaceOrientationLandscapeRight UIInterfaceOrientationPortrait";
				INFOPLIST_KEY_UIUserInterfaceStyle = Light;
				LD_RUNPATH_SEARCH_PATHS = (
					"$(inherited)",
					"@executable_path/Frameworks",
				);
				MARKETING_VERSION = 1.0;
				PRODUCT_BUNDLE_IDENTIFIER = com.dyahputrin.macro2023;
				PRODUCT_NAME = "$(TARGET_NAME)";
				SUPPORTED_PLATFORMS = "iphoneos iphonesimulator";
				SUPPORTS_MACCATALYST = NO;
				SWIFT_EMIT_LOC_STRINGS = YES;
				SWIFT_OBJC_BRIDGING_HEADER = "macro2023/macro2023-Bridging-Header.h";
				SWIFT_OPTIMIZATION_LEVEL = "-Onone";
				SWIFT_VERSION = 5.0;
				TARGETED_DEVICE_FAMILY = 2;
			};
			name = Debug;
		};
		BE1AE8862AD3D65900F586CD /* Release */ = {
			isa = XCBuildConfiguration;
			buildSettings = {
				ASSETCATALOG_COMPILER_APPICON_NAME = AppIcon;
				ASSETCATALOG_COMPILER_GLOBAL_ACCENT_COLOR_NAME = AccentColor;
				CLANG_ENABLE_MODULES = YES;
				CODE_SIGN_STYLE = Automatic;
				CURRENT_PROJECT_VERSION = 1;
				DEVELOPMENT_ASSET_PATHS = "\"macro2023/Preview Content\"";
				DEVELOPMENT_TEAM = 4QQ5D4534V;
				ENABLE_PREVIEWS = YES;
				GENERATE_INFOPLIST_FILE = YES;
				INFOPLIST_KEY_NSCameraUsageDescription = "Camera needed to function";
				INFOPLIST_KEY_UIApplicationSceneManifest_Generation = YES;
				INFOPLIST_KEY_UIApplicationSupportsIndirectInputEvents = YES;
				INFOPLIST_KEY_UILaunchScreen_Generation = YES;
				INFOPLIST_KEY_UISupportedInterfaceOrientations = "UIInterfaceOrientationLandscapeLeft UIInterfaceOrientationLandscapeRight UIInterfaceOrientationPortrait";
				INFOPLIST_KEY_UIUserInterfaceStyle = Light;
				LD_RUNPATH_SEARCH_PATHS = (
					"$(inherited)",
					"@executable_path/Frameworks",
				);
				MARKETING_VERSION = 1.0;
				PRODUCT_BUNDLE_IDENTIFIER = com.dyahputrin.macro2023;
				PRODUCT_NAME = "$(TARGET_NAME)";
				SUPPORTED_PLATFORMS = "iphoneos iphonesimulator";
				SUPPORTS_MACCATALYST = NO;
				SWIFT_EMIT_LOC_STRINGS = YES;
				SWIFT_OBJC_BRIDGING_HEADER = "macro2023/macro2023-Bridging-Header.h";
				SWIFT_VERSION = 5.0;
				TARGETED_DEVICE_FAMILY = 2;
			};
			name = Release;
		};
/* End XCBuildConfiguration section */

/* Begin XCConfigurationList section */
		BE1AE8712AD3D65800F586CD /* Build configuration list for PBXProject "macro2023" */ = {
			isa = XCConfigurationList;
			buildConfigurations = (
				BE1AE8822AD3D65900F586CD /* Debug */,
				BE1AE8832AD3D65900F586CD /* Release */,
			);
			defaultConfigurationIsVisible = 0;
			defaultConfigurationName = Release;
		};
		BE1AE8842AD3D65900F586CD /* Build configuration list for PBXNativeTarget "macro2023" */ = {
			isa = XCConfigurationList;
			buildConfigurations = (
				BE1AE8852AD3D65900F586CD /* Debug */,
				BE1AE8862AD3D65900F586CD /* Release */,
			);
			defaultConfigurationIsVisible = 0;
			defaultConfigurationName = Release;
		};
/* End XCConfigurationList section */

/* Begin XCVersionGroup section */
		210C7FF02AD531C200E01229 /* Model.xcdatamodeld */ = {
			isa = XCVersionGroup;
			children = (
				210C7FF12AD531C200E01229 /* Model.xcdatamodel */,
			);
			currentVersion = 210C7FF12AD531C200E01229 /* Model.xcdatamodel */;
			path = Model.xcdatamodeld;
			sourceTree = "<group>";
			versionGroupType = wrapper.xcdatamodel;
		};
/* End XCVersionGroup section */
	};
	rootObject = BE1AE86E2AD3D65800F586CD /* Project object */;
}
