// !$*UTF8*$!
{
	archiveVersion = 1;
	classes = {
	};
	objectVersion = 56;
	objects = {

/* Begin PBXBuildFile section */
		210C7FF22AD531C200E01229 /* Model.xcdatamodeld in Sources */ = {isa = PBXBuildFile; fileRef = 210C7FF02AD531C200E01229 /* Model.xcdatamodeld */; };
		210C80142AD5343400E01229 /* Persistence.swift in Sources */ = {isa = PBXBuildFile; fileRef = 210C80132AD5343400E01229 /* Persistence.swift */; };
		21C90C192AD694880003D517 /* CanvasData.swift in Sources */ = {isa = PBXBuildFile; fileRef = 21C90C182AD694880003D517 /* CanvasData.swift */; };
		21C90C412AD6A15B0003D517 /* BackRoot.swift in Sources */ = {isa = PBXBuildFile; fileRef = 21C90C402AD6A15B0003D517 /* BackRoot.swift */; };
		21C90C432AD7CC810003D517 /* ContentViewModel.swift in Sources */ = {isa = PBXBuildFile; fileRef = 21C90C422AD7CC810003D517 /* ContentViewModel.swift */; };
		9487BDFD2ADE93B0004FCC67 /* ShotFileInfo.swift in Sources */ = {isa = PBXBuildFile; fileRef = 9487BDE32ADE93B0004FCC67 /* ShotFileInfo.swift */; };
		9487BDFE2ADE93B0004FCC67 /* TimedMessageList.swift in Sources */ = {isa = PBXBuildFile; fileRef = 9487BDE42ADE93B0004FCC67 /* TimedMessageList.swift */; };
		9487BDFF2ADE93B0004FCC67 /* FeedbackMessages.swift in Sources */ = {isa = PBXBuildFile; fileRef = 9487BDE52ADE93B0004FCC67 /* FeedbackMessages.swift */; };
		9487BE002ADE93B0004FCC67 /* TutorialVideoView.swift in Sources */ = {isa = PBXBuildFile; fileRef = 9487BDE62ADE93B0004FCC67 /* TutorialVideoView.swift */; };
		9487BE012ADE93B0004FCC67 /* OnboardingStateMachine.swift in Sources */ = {isa = PBXBuildFile; fileRef = 9487BDE72ADE93B0004FCC67 /* OnboardingStateMachine.swift */; };
		9487BE022ADE93B0004FCC67 /* OnboardingTutorialView+LocalizedString.swift in Sources */ = {isa = PBXBuildFile; fileRef = 9487BDE82ADE93B0004FCC67 /* OnboardingTutorialView+LocalizedString.swift */; };
		9487BE032ADE93B0004FCC67 /* AppDataModel+Orbit.swift in Sources */ = {isa = PBXBuildFile; fileRef = 9487BDE92ADE93B0004FCC67 /* AppDataModel+Orbit.swift */; };
		9487BE042ADE93B0004FCC67 /* OnboardingButtonView+LocalizedString.swift in Sources */ = {isa = PBXBuildFile; fileRef = 9487BDEA2ADE93B0004FCC67 /* OnboardingButtonView+LocalizedString.swift */; };
		9487BE052ADE93B0004FCC67 /* HelpPageView.swift in Sources */ = {isa = PBXBuildFile; fileRef = 9487BDEB2ADE93B0004FCC67 /* HelpPageView.swift */; };
		9487BE062ADE93B0004FCC67 /* ProgressBarView.swift in Sources */ = {isa = PBXBuildFile; fileRef = 9487BDEC2ADE93B0004FCC67 /* ProgressBarView.swift */; };
		9487BE072ADE93B0004FCC67 /* CaptureOverlayView.swift in Sources */ = {isa = PBXBuildFile; fileRef = 9487BDED2ADE93B0004FCC67 /* CaptureOverlayView.swift */; };
		9487BE082ADE93B0004FCC67 /* AppDataModel+State.swift in Sources */ = {isa = PBXBuildFile; fileRef = 9487BDEE2ADE93B0004FCC67 /* AppDataModel+State.swift */; };
		9487BE092ADE93B0004FCC67 /* UntilProcessingCompleteFilter.swift in Sources */ = {isa = PBXBuildFile; fileRef = 9487BDEF2ADE93B0004FCC67 /* UntilProcessingCompleteFilter.swift */; };
		9487BE0A2ADE93B0004FCC67 /* OnboardingButtonView.swift in Sources */ = {isa = PBXBuildFile; fileRef = 9487BDF02ADE93B0004FCC67 /* OnboardingButtonView.swift */; };
		9487BE0B2ADE93B0004FCC67 /* CaptureOverlayView+LocalizedString.swift in Sources */ = {isa = PBXBuildFile; fileRef = 9487BDF12ADE93B0004FCC67 /* CaptureOverlayView+LocalizedString.swift */; };
		9487BE0C2ADE93B0004FCC67 /* PlayerView.swift in Sources */ = {isa = PBXBuildFile; fileRef = 9487BDF22ADE93B0004FCC67 /* PlayerView.swift */; };
		9487BE0D2ADE93B0004FCC67 /* FeedbackView.swift in Sources */ = {isa = PBXBuildFile; fileRef = 9487BDF32ADE93B0004FCC67 /* FeedbackView.swift */; };
		9487BE0E2ADE93B0004FCC67 /* ReconstructionPrimaryView.swift in Sources */ = {isa = PBXBuildFile; fileRef = 9487BDF42ADE93B0004FCC67 /* ReconstructionPrimaryView.swift */; };
		9487BE0F2ADE93B0004FCC67 /* AppDataModel.swift in Sources */ = {isa = PBXBuildFile; fileRef = 9487BDF52ADE93B0004FCC67 /* AppDataModel.swift */; };
		9487BE102ADE93B0004FCC67 /* GuidedCaptureView.swift in Sources */ = {isa = PBXBuildFile; fileRef = 9487BDF62ADE93B0004FCC67 /* GuidedCaptureView.swift */; };
		9487BE112ADE93B0004FCC67 /* CaptureOverlayView+Buttons.swift in Sources */ = {isa = PBXBuildFile; fileRef = 9487BDF72ADE93B0004FCC67 /* CaptureOverlayView+Buttons.swift */; };
		9487BE122ADE93B0004FCC67 /* CapturePrimaryView.swift in Sources */ = {isa = PBXBuildFile; fileRef = 9487BDF82ADE93B0004FCC67 /* CapturePrimaryView.swift */; };
		9487BE132ADE93B0004FCC67 /* OnboardingView.swift in Sources */ = {isa = PBXBuildFile; fileRef = 9487BDF92ADE93B0004FCC67 /* OnboardingView.swift */; };
		9487BE142ADE93B0004FCC67 /* CaptureFolderManager.swift in Sources */ = {isa = PBXBuildFile; fileRef = 9487BDFA2ADE93B0004FCC67 /* CaptureFolderManager.swift */; };
		9487BE152ADE93B0004FCC67 /* ModelView.swift in Sources */ = {isa = PBXBuildFile; fileRef = 9487BDFB2ADE93B0004FCC67 /* ModelView.swift */; };
		9487BE162ADE93B0004FCC67 /* OnboardingTutorialView.swift in Sources */ = {isa = PBXBuildFile; fileRef = 9487BDFC2ADE93B0004FCC67 /* OnboardingTutorialView.swift */; };
		9487BE222ADE93CF004FCC67 /* ScanPasses-iPhone-FixedHeight-unflippable-low.mp4 in Resources */ = {isa = PBXBuildFile; fileRef = 9487BE182ADE93CF004FCC67 /* ScanPasses-iPhone-FixedHeight-unflippable-low.mp4 */; };
		9487BE232ADE93CF004FCC67 /* ScanPasses-iPhone-FixedHeight-1.mp4 in Resources */ = {isa = PBXBuildFile; fileRef = 9487BE192ADE93CF004FCC67 /* ScanPasses-iPhone-FixedHeight-1.mp4 */; };
		9487BE242ADE93CF004FCC67 /* ScanPasses-iPad-FixedHeight-unflippable-high.mp4 in Resources */ = {isa = PBXBuildFile; fileRef = 9487BE1A2ADE93CF004FCC67 /* ScanPasses-iPad-FixedHeight-unflippable-high.mp4 */; };
		9487BE252ADE93CF004FCC67 /* ScanPasses-iPhone-FixedHeight-2.mp4 in Resources */ = {isa = PBXBuildFile; fileRef = 9487BE1B2ADE93CF004FCC67 /* ScanPasses-iPhone-FixedHeight-2.mp4 */; };
		9487BE262ADE93CF004FCC67 /* ScanPasses-iPhone-FixedHeight-3.mp4 in Resources */ = {isa = PBXBuildFile; fileRef = 9487BE1C2ADE93CF004FCC67 /* ScanPasses-iPhone-FixedHeight-3.mp4 */; };
		9487BE272ADE93CF004FCC67 /* ScanPasses-iPhone-FixedHeight-unflippable-high.mp4 in Resources */ = {isa = PBXBuildFile; fileRef = 9487BE1D2ADE93CF004FCC67 /* ScanPasses-iPhone-FixedHeight-unflippable-high.mp4 */; };
		9487BE282ADE93CF004FCC67 /* ScanPasses-iPad-FixedHeight-2.mp4 in Resources */ = {isa = PBXBuildFile; fileRef = 9487BE1E2ADE93CF004FCC67 /* ScanPasses-iPad-FixedHeight-2.mp4 */; };
		9487BE292ADE93CF004FCC67 /* ScanPasses-iPad-FixedHeight-3.mp4 in Resources */ = {isa = PBXBuildFile; fileRef = 9487BE1F2ADE93CF004FCC67 /* ScanPasses-iPad-FixedHeight-3.mp4 */; };
		9487BE2A2ADE93CF004FCC67 /* ScanPasses-iPad-FixedHeight-1.mp4 in Resources */ = {isa = PBXBuildFile; fileRef = 9487BE202ADE93CF004FCC67 /* ScanPasses-iPad-FixedHeight-1.mp4 */; };
		9487BE2B2ADE93CF004FCC67 /* ScanPasses-iPad-FixedHeight-unflippable-low.mp4 in Resources */ = {isa = PBXBuildFile; fileRef = 9487BE212ADE93CF004FCC67 /* ScanPasses-iPad-FixedHeight-unflippable-low.mp4 */; };
		948903E72ADD32BA0043BAE9 /* OnboardingViewControllerWrapper.swift in Sources */ = {isa = PBXBuildFile; fileRef = 948903E12ADD32BA0043BAE9 /* OnboardingViewControllerWrapper.swift */; };
		948903E82ADD32BA0043BAE9 /* LaunchScreen.storyboard in Resources */ = {isa = PBXBuildFile; fileRef = 948903E22ADD32BA0043BAE9 /* LaunchScreen.storyboard */; };
		948903E92ADD32BA0043BAE9 /* Main.storyboard in Resources */ = {isa = PBXBuildFile; fileRef = 948903E32ADD32BA0043BAE9 /* Main.storyboard */; };
		948903EA2ADD32BA0043BAE9 /* OnboardingViewController.swift in Sources */ = {isa = PBXBuildFile; fileRef = 948903E42ADD32BA0043BAE9 /* OnboardingViewController.swift */; };
		948903EB2ADD32BA0043BAE9 /* UnsupportedDevice.storyboard in Resources */ = {isa = PBXBuildFile; fileRef = 948903E52ADD32BA0043BAE9 /* UnsupportedDevice.storyboard */; };
		948903EC2ADD32BA0043BAE9 /* RoomCaptureViewController.swift in Sources */ = {isa = PBXBuildFile; fileRef = 948903E62ADD32BA0043BAE9 /* RoomCaptureViewController.swift */; };
		948903EE2ADD377A0043BAE9 /* ContentView.swift in Sources */ = {isa = PBXBuildFile; fileRef = 948903ED2ADD377A0043BAE9 /* ContentView.swift */; };
		97B042372AD67CEA00B9478D /* CanvasView.swift in Sources */ = {isa = PBXBuildFile; fileRef = 97B042362AD67CEA00B9478D /* CanvasView.swift */; };
		97B042392AD67CF600B9478D /* TopToolbarView.swift in Sources */ = {isa = PBXBuildFile; fileRef = 97B042382AD67CF600B9478D /* TopToolbarView.swift */; };
		97B0423B2AD67D1500B9478D /* SizePopUpView.swift in Sources */ = {isa = PBXBuildFile; fileRef = 97B0423A2AD67D1500B9478D /* SizePopUpView.swift */; };
		97B042432AD7CED100B9478D /* ObjectSidebarView.swift in Sources */ = {isa = PBXBuildFile; fileRef = 97B042422AD7CED100B9478D /* ObjectSidebarView.swift */; };
		97B042452AD7CEE000B9478D /* RoomSidebarView.swift in Sources */ = {isa = PBXBuildFile; fileRef = 97B042442AD7CEE000B9478D /* RoomSidebarView.swift */; };
		97B0424F2AD7F54F00B9478D /* ImportButtonView.swift in Sources */ = {isa = PBXBuildFile; fileRef = 97B0424E2AD7F54F00B9478D /* ImportButtonView.swift */; };
		97B042512AD91EA100B9478D /* ToolbarView.swift in Sources */ = {isa = PBXBuildFile; fileRef = 97B042502AD91EA100B9478D /* ToolbarView.swift */; };
		97B0425B2ADA506A00B9478D /* DocumentView.swift in Sources */ = {isa = PBXBuildFile; fileRef = 97B0425A2ADA506A00B9478D /* DocumentView.swift */; };
		BE1AE8812AD3D65900F586CD /* Preview Assets.xcassets in Resources */ = {isa = PBXBuildFile; fileRef = BE1AE8802AD3D65900F586CD /* Preview Assets.xcassets */; };
		BE1DC9912ADE7C1E00460062 /* TransitionExt.swift in Sources */ = {isa = PBXBuildFile; fileRef = BE1DC98D2ADE7C1E00460062 /* TransitionExt.swift */; };
		BE1DC9922ADE7C1E00460062 /* CanvasViewModel.swift in Sources */ = {isa = PBXBuildFile; fileRef = BE1DC98E2ADE7C1E00460062 /* CanvasViewModel.swift */; };
		BE1DC9932ADE7C1E00460062 /* ColorExt.swift in Sources */ = {isa = PBXBuildFile; fileRef = BE1DC98F2ADE7C1E00460062 /* ColorExt.swift */; };
		BE1DC9942ADE7C1E00460062 /* ToolbarModel.swift in Sources */ = {isa = PBXBuildFile; fileRef = BE1DC9902ADE7C1E00460062 /* ToolbarModel.swift */; };
		BE1DC9962ADE7F6F00460062 /* AppState.swift in Sources */ = {isa = PBXBuildFile; fileRef = BE1DC9952ADE7F6F00460062 /* AppState.swift */; };
		BE1DC9982ADEB75B00460062 /* ProjectModel.swift in Sources */ = {isa = PBXBuildFile; fileRef = BE1DC9972ADEB75B00460062 /* ProjectModel.swift */; };
		BE1DC99A2ADF4F5C00460062 /* ProjectViewModel.swift in Sources */ = {isa = PBXBuildFile; fileRef = BE1DC9992ADF4F5C00460062 /* ProjectViewModel.swift */; };
		BE7DA7AB2ADE61E000686BF4 /* v2floor.usdz in Resources */ = {isa = PBXBuildFile; fileRef = BE394D8C2ADE5DD700836F02 /* v2floor.usdz */; };
		BE7DA7AC2ADE61E000686BF4 /* v2wall1.usdz in Resources */ = {isa = PBXBuildFile; fileRef = BE394D892ADE5DCF00836F02 /* v2wall1.usdz */; };
		BE7DA7AD2ADE61E000686BF4 /* v2wall2.usdz in Resources */ = {isa = PBXBuildFile; fileRef = BE394D8F2ADE5DD700836F02 /* v2wall2.usdz */; };
		BE7DA7AE2ADE61E000686BF4 /* OfficeTable.usdz in Resources */ = {isa = PBXBuildFile; fileRef = BE394D8B2ADE5DD700836F02 /* OfficeTable.usdz */; };
		BE7DA7AF2ADE61E000686BF4 /* v2wall3.usdz in Resources */ = {isa = PBXBuildFile; fileRef = BE394D8A2ADE5DD600836F02 /* v2wall3.usdz */; };
		BE7DA7B02ADE61E000686BF4 /* v2wall4.usdz in Resources */ = {isa = PBXBuildFile; fileRef = BE394D8D2ADE5DD700836F02 /* v2wall4.usdz */; };
		BE8CC76C2AE1604900E2AA47 /* macro2023App.swift in Sources */ = {isa = PBXBuildFile; fileRef = BE8CC76B2AE1604900E2AA47 /* macro2023App.swift */; };
		BE8CC76E2AE160C200E2AA47 /* Assets.xcassets in Resources */ = {isa = PBXBuildFile; fileRef = BE8CC76D2AE160C200E2AA47 /* Assets.xcassets */; };
		BE8CC7782AE2386E00E2AA47 /* ProjectManagerView.swift in Sources */ = {isa = PBXBuildFile; fileRef = BE8CC7772AE2386D00E2AA47 /* ProjectManagerView.swift */; };
		BEB2B5162AD4E73300976B0E /* RoomSceneView.swift in Sources */ = {isa = PBXBuildFile; fileRef = BEB2B5152AD4E73300976B0E /* RoomSceneView.swift */; };
		BEB2B5182AD4E74A00976B0E /* RoomScene.scn in Resources */ = {isa = PBXBuildFile; fileRef = BEB2B5172AD4E74A00976B0E /* RoomScene.scn */; };
		BEB2B51A2AD4E87400976B0E /* RoomSceneModel.swift in Sources */ = {isa = PBXBuildFile; fileRef = BEB2B5192AD4E87400976B0E /* RoomSceneModel.swift */; };
		BEB2B51C2AD4EC0E00976B0E /* RoomSceneViewModel.swift in Sources */ = {isa = PBXBuildFile; fileRef = BEB2B51B2AD4EC0E00976B0E /* RoomSceneViewModel.swift */; };
/* End PBXBuildFile section */

/* Begin PBXFileReference section */
		210C7FF12AD531C200E01229 /* Model.xcdatamodel */ = {isa = PBXFileReference; lastKnownFileType = wrapper.xcdatamodel; path = Model.xcdatamodel; sourceTree = "<group>"; };
		210C80132AD5343400E01229 /* Persistence.swift */ = {isa = PBXFileReference; lastKnownFileType = sourcecode.swift; path = Persistence.swift; sourceTree = "<group>"; };
		21C90C182AD694880003D517 /* CanvasData.swift */ = {isa = PBXFileReference; lastKnownFileType = sourcecode.swift; path = CanvasData.swift; sourceTree = "<group>"; };
		21C90C402AD6A15B0003D517 /* BackRoot.swift */ = {isa = PBXFileReference; lastKnownFileType = sourcecode.swift; path = BackRoot.swift; sourceTree = "<group>"; };
		21C90C422AD7CC810003D517 /* ContentViewModel.swift */ = {isa = PBXFileReference; lastKnownFileType = sourcecode.swift; path = ContentViewModel.swift; sourceTree = "<group>"; };
		9487BDE32ADE93B0004FCC67 /* ShotFileInfo.swift */ = {isa = PBXFileReference; fileEncoding = 4; lastKnownFileType = sourcecode.swift; path = ShotFileInfo.swift; sourceTree = "<group>"; };
		9487BDE42ADE93B0004FCC67 /* TimedMessageList.swift */ = {isa = PBXFileReference; fileEncoding = 4; lastKnownFileType = sourcecode.swift; path = TimedMessageList.swift; sourceTree = "<group>"; };
		9487BDE52ADE93B0004FCC67 /* FeedbackMessages.swift */ = {isa = PBXFileReference; fileEncoding = 4; lastKnownFileType = sourcecode.swift; path = FeedbackMessages.swift; sourceTree = "<group>"; };
		9487BDE62ADE93B0004FCC67 /* TutorialVideoView.swift */ = {isa = PBXFileReference; fileEncoding = 4; lastKnownFileType = sourcecode.swift; path = TutorialVideoView.swift; sourceTree = "<group>"; };
		9487BDE72ADE93B0004FCC67 /* OnboardingStateMachine.swift */ = {isa = PBXFileReference; fileEncoding = 4; lastKnownFileType = sourcecode.swift; path = OnboardingStateMachine.swift; sourceTree = "<group>"; };
		9487BDE82ADE93B0004FCC67 /* OnboardingTutorialView+LocalizedString.swift */ = {isa = PBXFileReference; fileEncoding = 4; lastKnownFileType = sourcecode.swift; path = "OnboardingTutorialView+LocalizedString.swift"; sourceTree = "<group>"; };
		9487BDE92ADE93B0004FCC67 /* AppDataModel+Orbit.swift */ = {isa = PBXFileReference; fileEncoding = 4; lastKnownFileType = sourcecode.swift; path = "AppDataModel+Orbit.swift"; sourceTree = "<group>"; };
		9487BDEA2ADE93B0004FCC67 /* OnboardingButtonView+LocalizedString.swift */ = {isa = PBXFileReference; fileEncoding = 4; lastKnownFileType = sourcecode.swift; path = "OnboardingButtonView+LocalizedString.swift"; sourceTree = "<group>"; };
		9487BDEB2ADE93B0004FCC67 /* HelpPageView.swift */ = {isa = PBXFileReference; fileEncoding = 4; lastKnownFileType = sourcecode.swift; path = HelpPageView.swift; sourceTree = "<group>"; };
		9487BDEC2ADE93B0004FCC67 /* ProgressBarView.swift */ = {isa = PBXFileReference; fileEncoding = 4; lastKnownFileType = sourcecode.swift; path = ProgressBarView.swift; sourceTree = "<group>"; };
		9487BDED2ADE93B0004FCC67 /* CaptureOverlayView.swift */ = {isa = PBXFileReference; fileEncoding = 4; lastKnownFileType = sourcecode.swift; path = CaptureOverlayView.swift; sourceTree = "<group>"; };
		9487BDEE2ADE93B0004FCC67 /* AppDataModel+State.swift */ = {isa = PBXFileReference; fileEncoding = 4; lastKnownFileType = sourcecode.swift; path = "AppDataModel+State.swift"; sourceTree = "<group>"; };
		9487BDEF2ADE93B0004FCC67 /* UntilProcessingCompleteFilter.swift */ = {isa = PBXFileReference; fileEncoding = 4; lastKnownFileType = sourcecode.swift; path = UntilProcessingCompleteFilter.swift; sourceTree = "<group>"; };
		9487BDF02ADE93B0004FCC67 /* OnboardingButtonView.swift */ = {isa = PBXFileReference; fileEncoding = 4; lastKnownFileType = sourcecode.swift; path = OnboardingButtonView.swift; sourceTree = "<group>"; };
		9487BDF12ADE93B0004FCC67 /* CaptureOverlayView+LocalizedString.swift */ = {isa = PBXFileReference; fileEncoding = 4; lastKnownFileType = sourcecode.swift; path = "CaptureOverlayView+LocalizedString.swift"; sourceTree = "<group>"; };
		9487BDF22ADE93B0004FCC67 /* PlayerView.swift */ = {isa = PBXFileReference; fileEncoding = 4; lastKnownFileType = sourcecode.swift; path = PlayerView.swift; sourceTree = "<group>"; };
		9487BDF32ADE93B0004FCC67 /* FeedbackView.swift */ = {isa = PBXFileReference; fileEncoding = 4; lastKnownFileType = sourcecode.swift; path = FeedbackView.swift; sourceTree = "<group>"; };
		9487BDF42ADE93B0004FCC67 /* ReconstructionPrimaryView.swift */ = {isa = PBXFileReference; fileEncoding = 4; lastKnownFileType = sourcecode.swift; path = ReconstructionPrimaryView.swift; sourceTree = "<group>"; };
		9487BDF52ADE93B0004FCC67 /* AppDataModel.swift */ = {isa = PBXFileReference; fileEncoding = 4; lastKnownFileType = sourcecode.swift; path = AppDataModel.swift; sourceTree = "<group>"; };
		9487BDF62ADE93B0004FCC67 /* GuidedCaptureView.swift */ = {isa = PBXFileReference; fileEncoding = 4; lastKnownFileType = sourcecode.swift; path = GuidedCaptureView.swift; sourceTree = "<group>"; };
		9487BDF72ADE93B0004FCC67 /* CaptureOverlayView+Buttons.swift */ = {isa = PBXFileReference; fileEncoding = 4; lastKnownFileType = sourcecode.swift; path = "CaptureOverlayView+Buttons.swift"; sourceTree = "<group>"; };
		9487BDF82ADE93B0004FCC67 /* CapturePrimaryView.swift */ = {isa = PBXFileReference; fileEncoding = 4; lastKnownFileType = sourcecode.swift; path = CapturePrimaryView.swift; sourceTree = "<group>"; };
		9487BDF92ADE93B0004FCC67 /* OnboardingView.swift */ = {isa = PBXFileReference; fileEncoding = 4; lastKnownFileType = sourcecode.swift; path = OnboardingView.swift; sourceTree = "<group>"; };
		9487BDFA2ADE93B0004FCC67 /* CaptureFolderManager.swift */ = {isa = PBXFileReference; fileEncoding = 4; lastKnownFileType = sourcecode.swift; path = CaptureFolderManager.swift; sourceTree = "<group>"; };
		9487BDFB2ADE93B0004FCC67 /* ModelView.swift */ = {isa = PBXFileReference; fileEncoding = 4; lastKnownFileType = sourcecode.swift; path = ModelView.swift; sourceTree = "<group>"; };
		9487BDFC2ADE93B0004FCC67 /* OnboardingTutorialView.swift */ = {isa = PBXFileReference; fileEncoding = 4; lastKnownFileType = sourcecode.swift; path = OnboardingTutorialView.swift; sourceTree = "<group>"; };
		9487BE182ADE93CF004FCC67 /* ScanPasses-iPhone-FixedHeight-unflippable-low.mp4 */ = {isa = PBXFileReference; lastKnownFileType = file; path = "ScanPasses-iPhone-FixedHeight-unflippable-low.mp4"; sourceTree = "<group>"; };
		9487BE192ADE93CF004FCC67 /* ScanPasses-iPhone-FixedHeight-1.mp4 */ = {isa = PBXFileReference; lastKnownFileType = file; path = "ScanPasses-iPhone-FixedHeight-1.mp4"; sourceTree = "<group>"; };
		9487BE1A2ADE93CF004FCC67 /* ScanPasses-iPad-FixedHeight-unflippable-high.mp4 */ = {isa = PBXFileReference; lastKnownFileType = file; path = "ScanPasses-iPad-FixedHeight-unflippable-high.mp4"; sourceTree = "<group>"; };
		9487BE1B2ADE93CF004FCC67 /* ScanPasses-iPhone-FixedHeight-2.mp4 */ = {isa = PBXFileReference; lastKnownFileType = file; path = "ScanPasses-iPhone-FixedHeight-2.mp4"; sourceTree = "<group>"; };
		9487BE1C2ADE93CF004FCC67 /* ScanPasses-iPhone-FixedHeight-3.mp4 */ = {isa = PBXFileReference; lastKnownFileType = file; path = "ScanPasses-iPhone-FixedHeight-3.mp4"; sourceTree = "<group>"; };
		9487BE1D2ADE93CF004FCC67 /* ScanPasses-iPhone-FixedHeight-unflippable-high.mp4 */ = {isa = PBXFileReference; lastKnownFileType = file; path = "ScanPasses-iPhone-FixedHeight-unflippable-high.mp4"; sourceTree = "<group>"; };
		9487BE1E2ADE93CF004FCC67 /* ScanPasses-iPad-FixedHeight-2.mp4 */ = {isa = PBXFileReference; lastKnownFileType = file; path = "ScanPasses-iPad-FixedHeight-2.mp4"; sourceTree = "<group>"; };
		9487BE1F2ADE93CF004FCC67 /* ScanPasses-iPad-FixedHeight-3.mp4 */ = {isa = PBXFileReference; lastKnownFileType = file; path = "ScanPasses-iPad-FixedHeight-3.mp4"; sourceTree = "<group>"; };
		9487BE202ADE93CF004FCC67 /* ScanPasses-iPad-FixedHeight-1.mp4 */ = {isa = PBXFileReference; lastKnownFileType = file; path = "ScanPasses-iPad-FixedHeight-1.mp4"; sourceTree = "<group>"; };
		9487BE212ADE93CF004FCC67 /* ScanPasses-iPad-FixedHeight-unflippable-low.mp4 */ = {isa = PBXFileReference; lastKnownFileType = file; path = "ScanPasses-iPad-FixedHeight-unflippable-low.mp4"; sourceTree = "<group>"; };
		948903E12ADD32BA0043BAE9 /* OnboardingViewControllerWrapper.swift */ = {isa = PBXFileReference; fileEncoding = 4; lastKnownFileType = sourcecode.swift; path = OnboardingViewControllerWrapper.swift; sourceTree = "<group>"; };
		948903E22ADD32BA0043BAE9 /* LaunchScreen.storyboard */ = {isa = PBXFileReference; fileEncoding = 4; lastKnownFileType = file.storyboard; path = LaunchScreen.storyboard; sourceTree = "<group>"; };
		948903E32ADD32BA0043BAE9 /* Main.storyboard */ = {isa = PBXFileReference; fileEncoding = 4; lastKnownFileType = file.storyboard; path = Main.storyboard; sourceTree = "<group>"; };
		948903E42ADD32BA0043BAE9 /* OnboardingViewController.swift */ = {isa = PBXFileReference; fileEncoding = 4; lastKnownFileType = sourcecode.swift; path = OnboardingViewController.swift; sourceTree = "<group>"; };
		948903E52ADD32BA0043BAE9 /* UnsupportedDevice.storyboard */ = {isa = PBXFileReference; fileEncoding = 4; lastKnownFileType = file.storyboard; path = UnsupportedDevice.storyboard; sourceTree = "<group>"; };
		948903E62ADD32BA0043BAE9 /* RoomCaptureViewController.swift */ = {isa = PBXFileReference; fileEncoding = 4; lastKnownFileType = sourcecode.swift; path = RoomCaptureViewController.swift; sourceTree = "<group>"; };
		948903ED2ADD377A0043BAE9 /* ContentView.swift */ = {isa = PBXFileReference; lastKnownFileType = sourcecode.swift; path = ContentView.swift; sourceTree = "<group>"; };
		94DDE92F2ADE8FF9007915FF /* macro2023-Bridging-Header.h */ = {isa = PBXFileReference; lastKnownFileType = sourcecode.c.h; path = "macro2023-Bridging-Header.h"; sourceTree = "<group>"; };
		97B042362AD67CEA00B9478D /* CanvasView.swift */ = {isa = PBXFileReference; lastKnownFileType = sourcecode.swift; path = CanvasView.swift; sourceTree = "<group>"; };
		97B042382AD67CF600B9478D /* TopToolbarView.swift */ = {isa = PBXFileReference; lastKnownFileType = sourcecode.swift; path = TopToolbarView.swift; sourceTree = "<group>"; };
		97B0423A2AD67D1500B9478D /* SizePopUpView.swift */ = {isa = PBXFileReference; lastKnownFileType = sourcecode.swift; path = SizePopUpView.swift; sourceTree = "<group>"; };
		97B042422AD7CED100B9478D /* ObjectSidebarView.swift */ = {isa = PBXFileReference; lastKnownFileType = sourcecode.swift; path = ObjectSidebarView.swift; sourceTree = "<group>"; };
		97B042442AD7CEE000B9478D /* RoomSidebarView.swift */ = {isa = PBXFileReference; lastKnownFileType = sourcecode.swift; path = RoomSidebarView.swift; sourceTree = "<group>"; };
		97B0424E2AD7F54F00B9478D /* ImportButtonView.swift */ = {isa = PBXFileReference; lastKnownFileType = sourcecode.swift; path = ImportButtonView.swift; sourceTree = "<group>"; };
		97B042502AD91EA100B9478D /* ToolbarView.swift */ = {isa = PBXFileReference; lastKnownFileType = sourcecode.swift; path = ToolbarView.swift; sourceTree = "<group>"; };
		97B0425A2ADA506A00B9478D /* DocumentView.swift */ = {isa = PBXFileReference; lastKnownFileType = sourcecode.swift; path = DocumentView.swift; sourceTree = "<group>"; };
		BE1AE8762AD3D65800F586CD /* macro2023.app */ = {isa = PBXFileReference; explicitFileType = wrapper.application; includeInIndex = 0; path = macro2023.app; sourceTree = BUILT_PRODUCTS_DIR; };
		BE1AE8802AD3D65900F586CD /* Preview Assets.xcassets */ = {isa = PBXFileReference; lastKnownFileType = folder.assetcatalog; path = "Preview Assets.xcassets"; sourceTree = "<group>"; };
		BE1DC98D2ADE7C1E00460062 /* TransitionExt.swift */ = {isa = PBXFileReference; fileEncoding = 4; lastKnownFileType = sourcecode.swift; path = TransitionExt.swift; sourceTree = "<group>"; };
		BE1DC98E2ADE7C1E00460062 /* CanvasViewModel.swift */ = {isa = PBXFileReference; fileEncoding = 4; lastKnownFileType = sourcecode.swift; name = CanvasViewModel.swift; path = ../view/CanvasViewModel.swift; sourceTree = "<group>"; };
		BE1DC98F2ADE7C1E00460062 /* ColorExt.swift */ = {isa = PBXFileReference; fileEncoding = 4; lastKnownFileType = sourcecode.swift; path = ColorExt.swift; sourceTree = "<group>"; };
		BE1DC9902ADE7C1E00460062 /* ToolbarModel.swift */ = {isa = PBXFileReference; fileEncoding = 4; lastKnownFileType = sourcecode.swift; path = ToolbarModel.swift; sourceTree = "<group>"; };
		BE1DC9952ADE7F6F00460062 /* AppState.swift */ = {isa = PBXFileReference; lastKnownFileType = sourcecode.swift; path = AppState.swift; sourceTree = "<group>"; };
		BE1DC9972ADEB75B00460062 /* ProjectModel.swift */ = {isa = PBXFileReference; lastKnownFileType = sourcecode.swift; path = ProjectModel.swift; sourceTree = "<group>"; };
		BE1DC9992ADF4F5C00460062 /* ProjectViewModel.swift */ = {isa = PBXFileReference; lastKnownFileType = sourcecode.swift; path = ProjectViewModel.swift; sourceTree = "<group>"; };
		BE394D892ADE5DCF00836F02 /* v2wall1.usdz */ = {isa = PBXFileReference; lastKnownFileType = file.usdz; path = v2wall1.usdz; sourceTree = "<group>"; };
		BE394D8A2ADE5DD600836F02 /* v2wall3.usdz */ = {isa = PBXFileReference; lastKnownFileType = file.usdz; path = v2wall3.usdz; sourceTree = "<group>"; };
		BE394D8B2ADE5DD700836F02 /* OfficeTable.usdz */ = {isa = PBXFileReference; lastKnownFileType = file.usdz; path = OfficeTable.usdz; sourceTree = "<group>"; };
		BE394D8C2ADE5DD700836F02 /* v2floor.usdz */ = {isa = PBXFileReference; lastKnownFileType = file.usdz; path = v2floor.usdz; sourceTree = "<group>"; };
		BE394D8D2ADE5DD700836F02 /* v2wall4.usdz */ = {isa = PBXFileReference; lastKnownFileType = file.usdz; path = v2wall4.usdz; sourceTree = "<group>"; };
		BE394D8F2ADE5DD700836F02 /* v2wall2.usdz */ = {isa = PBXFileReference; lastKnownFileType = file.usdz; path = v2wall2.usdz; sourceTree = "<group>"; };
		BE8CC76B2AE1604900E2AA47 /* macro2023App.swift */ = {isa = PBXFileReference; fileEncoding = 4; lastKnownFileType = sourcecode.swift; path = macro2023App.swift; sourceTree = "<group>"; };
		BE8CC76D2AE160C200E2AA47 /* Assets.xcassets */ = {isa = PBXFileReference; lastKnownFileType = folder.assetcatalog; path = Assets.xcassets; sourceTree = "<group>"; };
		BE8CC7772AE2386D00E2AA47 /* ProjectManagerView.swift */ = {isa = PBXFileReference; lastKnownFileType = sourcecode.swift; path = ProjectManagerView.swift; sourceTree = "<group>"; };
		BEB2B5152AD4E73300976B0E /* RoomSceneView.swift */ = {isa = PBXFileReference; lastKnownFileType = sourcecode.swift; path = RoomSceneView.swift; sourceTree = "<group>"; };
		BEB2B5172AD4E74A00976B0E /* RoomScene.scn */ = {isa = PBXFileReference; lastKnownFileType = file.bplist; path = RoomScene.scn; sourceTree = "<group>"; };
		BEB2B5192AD4E87400976B0E /* RoomSceneModel.swift */ = {isa = PBXFileReference; lastKnownFileType = sourcecode.swift; path = RoomSceneModel.swift; sourceTree = "<group>"; };
		BEB2B51B2AD4EC0E00976B0E /* RoomSceneViewModel.swift */ = {isa = PBXFileReference; lastKnownFileType = sourcecode.swift; path = RoomSceneViewModel.swift; sourceTree = "<group>"; };
/* End PBXFileReference section */

/* Begin PBXFrameworksBuildPhase section */
		BE1AE8732AD3D65800F586CD /* Frameworks */ = {
			isa = PBXFrameworksBuildPhase;
			buildActionMask = 2147483647;
			files = (
			);
			runOnlyForDeploymentPostprocessing = 0;
		};
/* End PBXFrameworksBuildPhase section */

/* Begin PBXGroup section */
		210C7FF32AD531FB00E01229 /* Data */ = {
			isa = PBXGroup;
			children = (
				210C7FF02AD531C200E01229 /* Model.xcdatamodeld */,
				210C80132AD5343400E01229 /* Persistence.swift */,
			);
			path = Data;
			sourceTree = "<group>";
		};
		21C90C162AD694010003D517 /* ViewModel */ = {
			isa = PBXGroup;
			children = (
				BE1DC98E2ADE7C1E00460062 /* CanvasViewModel.swift */,
				BE1DC9992ADF4F5C00460062 /* ProjectViewModel.swift */,
				21C90C422AD7CC810003D517 /* ContentViewModel.swift */,
			);
			path = ViewModel;
			sourceTree = "<group>";
		};
		21C90C172AD694090003D517 /* Model */ = {
			isa = PBXGroup;
			children = (
				21C90C182AD694880003D517 /* CanvasData.swift */,
			);
			path = Model;
			sourceTree = "<group>";
		};
		21C90C3F2AD6A1440003D517 /* Service */ = {
			isa = PBXGroup;
			children = (
				21C90C402AD6A15B0003D517 /* BackRoot.swift */,
			);
			path = Service;
			sourceTree = "<group>";
		};
		9487BDE22ADE93B0004FCC67 /* Guided Capture */ = {
			isa = PBXGroup;
			children = (
				9487BDF52ADE93B0004FCC67 /* AppDataModel.swift */,
				9487BDE92ADE93B0004FCC67 /* AppDataModel+Orbit.swift */,
				9487BDEE2ADE93B0004FCC67 /* AppDataModel+State.swift */,
				9487BDFA2ADE93B0004FCC67 /* CaptureFolderManager.swift */,
				9487BDED2ADE93B0004FCC67 /* CaptureOverlayView.swift */,
				9487BDF72ADE93B0004FCC67 /* CaptureOverlayView+Buttons.swift */,
				9487BDF12ADE93B0004FCC67 /* CaptureOverlayView+LocalizedString.swift */,
				9487BDF82ADE93B0004FCC67 /* CapturePrimaryView.swift */,
				9487BDE52ADE93B0004FCC67 /* FeedbackMessages.swift */,
				9487BDF32ADE93B0004FCC67 /* FeedbackView.swift */,
				9487BDF62ADE93B0004FCC67 /* GuidedCaptureView.swift */,
				9487BDEB2ADE93B0004FCC67 /* HelpPageView.swift */,
				9487BDFB2ADE93B0004FCC67 /* ModelView.swift */,
				9487BDF02ADE93B0004FCC67 /* OnboardingButtonView.swift */,
				9487BDEA2ADE93B0004FCC67 /* OnboardingButtonView+LocalizedString.swift */,
				9487BDE72ADE93B0004FCC67 /* OnboardingStateMachine.swift */,
				9487BDFC2ADE93B0004FCC67 /* OnboardingTutorialView.swift */,
				9487BDE82ADE93B0004FCC67 /* OnboardingTutorialView+LocalizedString.swift */,
				9487BDF92ADE93B0004FCC67 /* OnboardingView.swift */,
				9487BDF22ADE93B0004FCC67 /* PlayerView.swift */,
				9487BDEC2ADE93B0004FCC67 /* ProgressBarView.swift */,
				9487BDF42ADE93B0004FCC67 /* ReconstructionPrimaryView.swift */,
				9487BE172ADE93CF004FCC67 /* Resources */,
				9487BDE32ADE93B0004FCC67 /* ShotFileInfo.swift */,
				9487BDE42ADE93B0004FCC67 /* TimedMessageList.swift */,
				9487BDE62ADE93B0004FCC67 /* TutorialVideoView.swift */,
				9487BDEF2ADE93B0004FCC67 /* UntilProcessingCompleteFilter.swift */,
			);
			path = "Guided Capture";
			sourceTree = "<group>";
		};
		9487BE172ADE93CF004FCC67 /* Resources */ = {
			isa = PBXGroup;
			children = (
				9487BE182ADE93CF004FCC67 /* ScanPasses-iPhone-FixedHeight-unflippable-low.mp4 */,
				9487BE192ADE93CF004FCC67 /* ScanPasses-iPhone-FixedHeight-1.mp4 */,
				9487BE1A2ADE93CF004FCC67 /* ScanPasses-iPad-FixedHeight-unflippable-high.mp4 */,
				9487BE1B2ADE93CF004FCC67 /* ScanPasses-iPhone-FixedHeight-2.mp4 */,
				9487BE1C2ADE93CF004FCC67 /* ScanPasses-iPhone-FixedHeight-3.mp4 */,
				9487BE1D2ADE93CF004FCC67 /* ScanPasses-iPhone-FixedHeight-unflippable-high.mp4 */,
				9487BE1E2ADE93CF004FCC67 /* ScanPasses-iPad-FixedHeight-2.mp4 */,
				9487BE1F2ADE93CF004FCC67 /* ScanPasses-iPad-FixedHeight-3.mp4 */,
				9487BE202ADE93CF004FCC67 /* ScanPasses-iPad-FixedHeight-1.mp4 */,
				9487BE212ADE93CF004FCC67 /* ScanPasses-iPad-FixedHeight-unflippable-low.mp4 */,
			);
			path = Resources;
			sourceTree = "<group>";
		};
		948903E02ADD32BA0043BAE9 /* RoomPlan */ = {
			isa = PBXGroup;
			children = (
				948903E12ADD32BA0043BAE9 /* OnboardingViewControllerWrapper.swift */,
				948903E22ADD32BA0043BAE9 /* LaunchScreen.storyboard */,
				948903E32ADD32BA0043BAE9 /* Main.storyboard */,
				948903E42ADD32BA0043BAE9 /* OnboardingViewController.swift */,
				948903E52ADD32BA0043BAE9 /* UnsupportedDevice.storyboard */,
				948903E62ADD32BA0043BAE9 /* RoomCaptureViewController.swift */,
			);
			path = RoomPlan;
			sourceTree = "<group>";
		};
		97B042352AD67CD300B9478D /* view */ = {
			isa = PBXGroup;
			children = (
				97B042362AD67CEA00B9478D /* CanvasView.swift */,
				97B042382AD67CF600B9478D /* TopToolbarView.swift */,
				97B0423A2AD67D1500B9478D /* SizePopUpView.swift */,
				97B042422AD7CED100B9478D /* ObjectSidebarView.swift */,
				97B042442AD7CEE000B9478D /* RoomSidebarView.swift */,
				97B0424E2AD7F54F00B9478D /* ImportButtonView.swift */,
				97B042502AD91EA100B9478D /* ToolbarView.swift */,
				97B0425A2ADA506A00B9478D /* DocumentView.swift */,
				948903ED2ADD377A0043BAE9 /* ContentView.swift */,
			);
			path = view;
			sourceTree = "<group>";
		};
		BE0CF48D2ADFEAED006699F5 /* Recovered References */ = {
			isa = PBXGroup;
			children = (
				BE1AE8802AD3D65900F586CD /* Preview Assets.xcassets */,
			);
			name = "Recovered References";
			sourceTree = "<group>";
		};
		BE0CF48F2ADFEBD1006699F5 /* Preview Content */ = {
			isa = PBXGroup;
			children = (
			);
			path = "Preview Content";
			sourceTree = "<group>";
		};
		BE1AE86D2AD3D65800F586CD = {
			isa = PBXGroup;
			children = (
				BE1AE8782AD3D65800F586CD /* macro2023 */,
				BE1AE8772AD3D65800F586CD /* Products */,
				BE0CF48D2ADFEAED006699F5 /* Recovered References */,
			);
			sourceTree = "<group>";
		};
		BE1AE8772AD3D65800F586CD /* Products */ = {
			isa = PBXGroup;
			children = (
				BE1AE8762AD3D65800F586CD /* macro2023.app */,
			);
			name = Products;
			sourceTree = "<group>";
		};
		BE1AE8782AD3D65800F586CD /* macro2023 */ = {
			isa = PBXGroup;
			children = (
				BE8CC76B2AE1604900E2AA47 /* macro2023App.swift */,
				BE0CF48F2ADFEBD1006699F5 /* Preview Content */,
				BE8CC7732AE234F600E2AA47 /* ProjectsManager */,
				BEDBF6A82AD3FC59009D2EC0 /* BuildRoom */,
				948903E02ADD32BA0043BAE9 /* RoomPlan */,
				BE1DC98C2ADE7C1E00460062 /* view-model */,
				97B042352AD67CD300B9478D /* view */,
				21C90C3F2AD6A1440003D517 /* Service */,
				21C90C172AD694090003D517 /* Model */,
				21C90C162AD694010003D517 /* ViewModel */,
				210C7FF32AD531FB00E01229 /* Data */,
				9487BDE22ADE93B0004FCC67 /* Guided Capture */,
				94DDE92F2ADE8FF9007915FF /* macro2023-Bridging-Header.h */,
				BE8CC76D2AE160C200E2AA47 /* Assets.xcassets */,
			);
			path = macro2023;
			sourceTree = "<group>";
		};
		BE1DC98C2ADE7C1E00460062 /* view-model */ = {
			isa = PBXGroup;
			children = (
				BE1DC98D2ADE7C1E00460062 /* TransitionExt.swift */,
				BE1DC9952ADE7F6F00460062 /* AppState.swift */,
				BE1DC98F2ADE7C1E00460062 /* ColorExt.swift */,
				BE1DC9902ADE7C1E00460062 /* ToolbarModel.swift */,
			);
			path = "view-model";
			sourceTree = "<group>";
		};
		BE394D882ADE5DC400836F02 /* Objects */ = {
			isa = PBXGroup;
			children = (
				BE394D8C2ADE5DD700836F02 /* v2floor.usdz */,
				BE394D892ADE5DCF00836F02 /* v2wall1.usdz */,
				BE394D8F2ADE5DD700836F02 /* v2wall2.usdz */,
				BE394D8B2ADE5DD700836F02 /* OfficeTable.usdz */,
				BE394D8A2ADE5DD600836F02 /* v2wall3.usdz */,
				BE394D8D2ADE5DD700836F02 /* v2wall4.usdz */,
			);
			path = Objects;
			sourceTree = "<group>";
		};
		BE8CC7732AE234F600E2AA47 /* ProjectsManager */ = {
			isa = PBXGroup;
			children = (
				BE8CC7742AE2351A00E2AA47 /* View */,
				BE8CC7752AE2352200E2AA47 /* ViewModel */,
				BE8CC7762AE2352900E2AA47 /* Model */,
			);
			path = ProjectsManager;
			sourceTree = "<group>";
		};
		BE8CC7742AE2351A00E2AA47 /* View */ = {
			isa = PBXGroup;
			children = (
				BE8CC7772AE2386D00E2AA47 /* ProjectManagerView.swift */,
			);
			path = View;
			sourceTree = "<group>";
		};
		BE8CC7752AE2352200E2AA47 /* ViewModel */ = {
			isa = PBXGroup;
			children = (
			);
			path = ViewModel;
			sourceTree = "<group>";
		};
		BE8CC7762AE2352900E2AA47 /* Model */ = {
			isa = PBXGroup;
			children = (
				BE1DC9972ADEB75B00460062 /* ProjectModel.swift */,
			);
			path = Model;
			sourceTree = "<group>";
		};
		BEDBF6A82AD3FC59009D2EC0 /* BuildRoom */ = {
			isa = PBXGroup;
			children = (
				BEB2B5152AD4E73300976B0E /* RoomSceneView.swift */,
				BEB2B51B2AD4EC0E00976B0E /* RoomSceneViewModel.swift */,
				BEB2B5192AD4E87400976B0E /* RoomSceneModel.swift */,
				BEB2B5172AD4E74A00976B0E /* RoomScene.scn */,
				BE394D882ADE5DC400836F02 /* Objects */,
			);
			path = BuildRoom;
			sourceTree = "<group>";
		};
/* End PBXGroup section */

/* Begin PBXNativeTarget section */
		BE1AE8752AD3D65800F586CD /* macro2023 */ = {
			isa = PBXNativeTarget;
			buildConfigurationList = BE1AE8842AD3D65900F586CD /* Build configuration list for PBXNativeTarget "macro2023" */;
			buildPhases = (
				BE1AE8722AD3D65800F586CD /* Sources */,
				BE1AE8732AD3D65800F586CD /* Frameworks */,
				BE1AE8742AD3D65800F586CD /* Resources */,
			);
			buildRules = (
			);
			dependencies = (
			);
			name = macro2023;
			productName = macro2023;
			productReference = BE1AE8762AD3D65800F586CD /* macro2023.app */;
			productType = "com.apple.product-type.application";
		};
/* End PBXNativeTarget section */

/* Begin PBXProject section */
		BE1AE86E2AD3D65800F586CD /* Project object */ = {
			isa = PBXProject;
			attributes = {
				BuildIndependentTargetsInParallel = 1;
				LastSwiftUpdateCheck = 1500;
				LastUpgradeCheck = 1500;
				TargetAttributes = {
					BE1AE8752AD3D65800F586CD = {
						CreatedOnToolsVersion = 15.0;
						LastSwiftMigration = 1500;
					};
				};
			};
			buildConfigurationList = BE1AE8712AD3D65800F586CD /* Build configuration list for PBXProject "macro2023" */;
			compatibilityVersion = "Xcode 14.0";
			developmentRegion = en;
			hasScannedForEncodings = 0;
			knownRegions = (
				en,
				Base,
			);
			mainGroup = BE1AE86D2AD3D65800F586CD;
			productRefGroup = BE1AE8772AD3D65800F586CD /* Products */;
			projectDirPath = "";
			projectRoot = "";
			targets = (
				BE1AE8752AD3D65800F586CD /* macro2023 */,
			);
		};
/* End PBXProject section */

/* Begin PBXResourcesBuildPhase section */
		BE1AE8742AD3D65800F586CD /* Resources */ = {
			isa = PBXResourcesBuildPhase;
			buildActionMask = 2147483647;
			files = (
				BE7DA7AB2ADE61E000686BF4 /* v2floor.usdz in Resources */,
				BE7DA7AC2ADE61E000686BF4 /* v2wall1.usdz in Resources */,
				BE8CC76E2AE160C200E2AA47 /* Assets.xcassets in Resources */,
				BE7DA7AD2ADE61E000686BF4 /* v2wall2.usdz in Resources */,
				BE7DA7AE2ADE61E000686BF4 /* OfficeTable.usdz in Resources */,
				BE7DA7AF2ADE61E000686BF4 /* v2wall3.usdz in Resources */,
				BE7DA7B02ADE61E000686BF4 /* v2wall4.usdz in Resources */,
				948903EB2ADD32BA0043BAE9 /* UnsupportedDevice.storyboard in Resources */,
				948903E82ADD32BA0043BAE9 /* LaunchScreen.storyboard in Resources */,
				BE1AE8812AD3D65900F586CD /* Preview Assets.xcassets in Resources */,
				BEB2B5182AD4E74A00976B0E /* RoomScene.scn in Resources */,
				948903E92ADD32BA0043BAE9 /* Main.storyboard in Resources */,
				9487BE232ADE93CF004FCC67 /* ScanPasses-iPhone-FixedHeight-1.mp4 in Resources */,
				9487BE222ADE93CF004FCC67 /* ScanPasses-iPhone-FixedHeight-unflippable-low.mp4 in Resources */,
				9487BE242ADE93CF004FCC67 /* ScanPasses-iPad-FixedHeight-unflippable-high.mp4 in Resources */,
				9487BE272ADE93CF004FCC67 /* ScanPasses-iPhone-FixedHeight-unflippable-high.mp4 in Resources */,
				9487BE282ADE93CF004FCC67 /* ScanPasses-iPad-FixedHeight-2.mp4 in Resources */,
				9487BE252ADE93CF004FCC67 /* ScanPasses-iPhone-FixedHeight-2.mp4 in Resources */,
				9487BE2A2ADE93CF004FCC67 /* ScanPasses-iPad-FixedHeight-1.mp4 in Resources */,
				9487BE262ADE93CF004FCC67 /* ScanPasses-iPhone-FixedHeight-3.mp4 in Resources */,
				9487BE2B2ADE93CF004FCC67 /* ScanPasses-iPad-FixedHeight-unflippable-low.mp4 in Resources */,
				9487BE292ADE93CF004FCC67 /* ScanPasses-iPad-FixedHeight-3.mp4 in Resources */,
			);
			runOnlyForDeploymentPostprocessing = 0;
		};
/* End PBXResourcesBuildPhase section */

/* Begin PBXSourcesBuildPhase section */
		BE1AE8722AD3D65800F586CD /* Sources */ = {
			isa = PBXSourcesBuildPhase;
			buildActionMask = 2147483647;
			files = (
				BEB2B51C2AD4EC0E00976B0E /* RoomSceneViewModel.swift in Sources */,
				BEB2B51A2AD4E87400976B0E /* RoomSceneModel.swift in Sources */,
				BEB2B5162AD4E73300976B0E /* RoomSceneView.swift in Sources */,
				21C90C192AD694880003D517 /* CanvasData.swift in Sources */,
				BE1DC99A2ADF4F5C00460062 /* ProjectViewModel.swift in Sources */,
				21C90C432AD7CC810003D517 /* ContentViewModel.swift in Sources */,
				948903E72ADD32BA0043BAE9 /* OnboardingViewControllerWrapper.swift in Sources */,
				BE1DC9942ADE7C1E00460062 /* ToolbarModel.swift in Sources */,
				948903EA2ADD32BA0043BAE9 /* OnboardingViewController.swift in Sources */,
				948903EC2ADD32BA0043BAE9 /* RoomCaptureViewController.swift in Sources */,
				BE1DC9922ADE7C1E00460062 /* CanvasViewModel.swift in Sources */,
				97B042512AD91EA100B9478D /* ToolbarView.swift in Sources */,
				97B042432AD7CED100B9478D /* ObjectSidebarView.swift in Sources */,
				97B0423B2AD67D1500B9478D /* SizePopUpView.swift in Sources */,
				97B0425B2ADA506A00B9478D /* DocumentView.swift in Sources */,
				97B042392AD67CF600B9478D /* TopToolbarView.swift in Sources */,
				97B042452AD7CEE000B9478D /* RoomSidebarView.swift in Sources */,
				948903EE2ADD377A0043BAE9 /* ContentView.swift in Sources */,
				BE1DC9912ADE7C1E00460062 /* TransitionExt.swift in Sources */,
				97B042372AD67CEA00B9478D /* CanvasView.swift in Sources */,
				97B0424F2AD7F54F00B9478D /* ImportButtonView.swift in Sources */,
				BE1DC9962ADE7F6F00460062 /* AppState.swift in Sources */,
				210C7FF22AD531C200E01229 /* Model.xcdatamodeld in Sources */,
				BE8CC76C2AE1604900E2AA47 /* macro2023App.swift in Sources */,
				210C80142AD5343400E01229 /* Persistence.swift in Sources */,
				21C90C412AD6A15B0003D517 /* BackRoot.swift in Sources */,
				BE1DC9932ADE7C1E00460062 /* ColorExt.swift in Sources */,
				BE1DC9982ADEB75B00460062 /* ProjectModel.swift in Sources */,
				9487BE042ADE93B0004FCC67 /* OnboardingButtonView+LocalizedString.swift in Sources */,
				9487BE0E2ADE93B0004FCC67 /* ReconstructionPrimaryView.swift in Sources */,
				9487BE082ADE93B0004FCC67 /* AppDataModel+State.swift in Sources */,
				9487BE162ADE93B0004FCC67 /* OnboardingTutorialView.swift in Sources */,
				9487BE072ADE93B0004FCC67 /* CaptureOverlayView.swift in Sources */,
				9487BE0F2ADE93B0004FCC67 /* AppDataModel.swift in Sources */,
				9487BE0B2ADE93B0004FCC67 /* CaptureOverlayView+LocalizedString.swift in Sources */,
				9487BDFF2ADE93B0004FCC67 /* FeedbackMessages.swift in Sources */,
				9487BE102ADE93B0004FCC67 /* GuidedCaptureView.swift in Sources */,
				9487BDFD2ADE93B0004FCC67 /* ShotFileInfo.swift in Sources */,
				9487BE0A2ADE93B0004FCC67 /* OnboardingButtonView.swift in Sources */,
				9487BE022ADE93B0004FCC67 /* OnboardingTutorialView+LocalizedString.swift in Sources */,
				9487BE142ADE93B0004FCC67 /* CaptureFolderManager.swift in Sources */,
				9487BE132ADE93B0004FCC67 /* OnboardingView.swift in Sources */,
				9487BE002ADE93B0004FCC67 /* TutorialVideoView.swift in Sources */,
				9487BE062ADE93B0004FCC67 /* ProgressBarView.swift in Sources */,
				9487BE092ADE93B0004FCC67 /* UntilProcessingCompleteFilter.swift in Sources */,
				BE8CC7782AE2386E00E2AA47 /* ProjectManagerView.swift in Sources */,
				9487BE122ADE93B0004FCC67 /* CapturePrimaryView.swift in Sources */,
				9487BE0C2ADE93B0004FCC67 /* PlayerView.swift in Sources */,
				9487BE052ADE93B0004FCC67 /* HelpPageView.swift in Sources */,
				9487BE0D2ADE93B0004FCC67 /* FeedbackView.swift in Sources */,
				9487BE112ADE93B0004FCC67 /* CaptureOverlayView+Buttons.swift in Sources */,
				9487BE012ADE93B0004FCC67 /* OnboardingStateMachine.swift in Sources */,
				9487BDFE2ADE93B0004FCC67 /* TimedMessageList.swift in Sources */,
				9487BE152ADE93B0004FCC67 /* ModelView.swift in Sources */,
				9487BE032ADE93B0004FCC67 /* AppDataModel+Orbit.swift in Sources */,
			);
			runOnlyForDeploymentPostprocessing = 0;
		};
/* End PBXSourcesBuildPhase section */

/* Begin XCBuildConfiguration section */
		BE1AE8822AD3D65900F586CD /* Debug */ = {
			isa = XCBuildConfiguration;
			buildSettings = {
				ALWAYS_SEARCH_USER_PATHS = NO;
				ASSETCATALOG_COMPILER_GENERATE_SWIFT_ASSET_SYMBOL_EXTENSIONS = YES;
				CLANG_ANALYZER_NONNULL = YES;
				CLANG_ANALYZER_NUMBER_OBJECT_CONVERSION = YES_AGGRESSIVE;
				CLANG_CXX_LANGUAGE_STANDARD = "gnu++20";
				CLANG_ENABLE_MODULES = YES;
				CLANG_ENABLE_OBJC_ARC = YES;
				CLANG_ENABLE_OBJC_WEAK = YES;
				CLANG_WARN_BLOCK_CAPTURE_AUTORELEASING = YES;
				CLANG_WARN_BOOL_CONVERSION = YES;
				CLANG_WARN_COMMA = YES;
				CLANG_WARN_CONSTANT_CONVERSION = YES;
				CLANG_WARN_DEPRECATED_OBJC_IMPLEMENTATIONS = YES;
				CLANG_WARN_DIRECT_OBJC_ISA_USAGE = YES_ERROR;
				CLANG_WARN_DOCUMENTATION_COMMENTS = YES;
				CLANG_WARN_EMPTY_BODY = YES;
				CLANG_WARN_ENUM_CONVERSION = YES;
				CLANG_WARN_INFINITE_RECURSION = YES;
				CLANG_WARN_INT_CONVERSION = YES;
				CLANG_WARN_NON_LITERAL_NULL_CONVERSION = YES;
				CLANG_WARN_OBJC_IMPLICIT_RETAIN_SELF = YES;
				CLANG_WARN_OBJC_LITERAL_CONVERSION = YES;
				CLANG_WARN_OBJC_ROOT_CLASS = YES_ERROR;
				CLANG_WARN_QUOTED_INCLUDE_IN_FRAMEWORK_HEADER = YES;
				CLANG_WARN_RANGE_LOOP_ANALYSIS = YES;
				CLANG_WARN_STRICT_PROTOTYPES = YES;
				CLANG_WARN_SUSPICIOUS_MOVE = YES;
				CLANG_WARN_UNGUARDED_AVAILABILITY = YES_AGGRESSIVE;
				CLANG_WARN_UNREACHABLE_CODE = YES;
				CLANG_WARN__DUPLICATE_METHOD_MATCH = YES;
				COPY_PHASE_STRIP = NO;
				DEBUG_INFORMATION_FORMAT = dwarf;
				ENABLE_STRICT_OBJC_MSGSEND = YES;
				ENABLE_TESTABILITY = YES;
				ENABLE_USER_SCRIPT_SANDBOXING = YES;
				GCC_C_LANGUAGE_STANDARD = gnu17;
				GCC_DYNAMIC_NO_PIC = NO;
				GCC_NO_COMMON_BLOCKS = YES;
				GCC_OPTIMIZATION_LEVEL = 0;
				GCC_PREPROCESSOR_DEFINITIONS = (
					"DEBUG=1",
					"$(inherited)",
				);
				GCC_WARN_64_TO_32_BIT_CONVERSION = YES;
				GCC_WARN_ABOUT_RETURN_TYPE = YES_ERROR;
				GCC_WARN_UNDECLARED_SELECTOR = YES;
				GCC_WARN_UNINITIALIZED_AUTOS = YES_AGGRESSIVE;
				GCC_WARN_UNUSED_FUNCTION = YES;
				GCC_WARN_UNUSED_VARIABLE = YES;
				IPHONEOS_DEPLOYMENT_TARGET = 17.0;
				LOCALIZATION_PREFERS_STRING_CATALOGS = YES;
				MTL_ENABLE_DEBUG_INFO = INCLUDE_SOURCE;
				MTL_FAST_MATH = YES;
				ONLY_ACTIVE_ARCH = YES;
				SDKROOT = iphoneos;
				SWIFT_ACTIVE_COMPILATION_CONDITIONS = "DEBUG $(inherited)";
				SWIFT_OPTIMIZATION_LEVEL = "-Onone";
			};
			name = Debug;
		};
		BE1AE8832AD3D65900F586CD /* Release */ = {
			isa = XCBuildConfiguration;
			buildSettings = {
				ALWAYS_SEARCH_USER_PATHS = NO;
				ASSETCATALOG_COMPILER_GENERATE_SWIFT_ASSET_SYMBOL_EXTENSIONS = YES;
				CLANG_ANALYZER_NONNULL = YES;
				CLANG_ANALYZER_NUMBER_OBJECT_CONVERSION = YES_AGGRESSIVE;
				CLANG_CXX_LANGUAGE_STANDARD = "gnu++20";
				CLANG_ENABLE_MODULES = YES;
				CLANG_ENABLE_OBJC_ARC = YES;
				CLANG_ENABLE_OBJC_WEAK = YES;
				CLANG_WARN_BLOCK_CAPTURE_AUTORELEASING = YES;
				CLANG_WARN_BOOL_CONVERSION = YES;
				CLANG_WARN_COMMA = YES;
				CLANG_WARN_CONSTANT_CONVERSION = YES;
				CLANG_WARN_DEPRECATED_OBJC_IMPLEMENTATIONS = YES;
				CLANG_WARN_DIRECT_OBJC_ISA_USAGE = YES_ERROR;
				CLANG_WARN_DOCUMENTATION_COMMENTS = YES;
				CLANG_WARN_EMPTY_BODY = YES;
				CLANG_WARN_ENUM_CONVERSION = YES;
				CLANG_WARN_INFINITE_RECURSION = YES;
				CLANG_WARN_INT_CONVERSION = YES;
				CLANG_WARN_NON_LITERAL_NULL_CONVERSION = YES;
				CLANG_WARN_OBJC_IMPLICIT_RETAIN_SELF = YES;
				CLANG_WARN_OBJC_LITERAL_CONVERSION = YES;
				CLANG_WARN_OBJC_ROOT_CLASS = YES_ERROR;
				CLANG_WARN_QUOTED_INCLUDE_IN_FRAMEWORK_HEADER = YES;
				CLANG_WARN_RANGE_LOOP_ANALYSIS = YES;
				CLANG_WARN_STRICT_PROTOTYPES = YES;
				CLANG_WARN_SUSPICIOUS_MOVE = YES;
				CLANG_WARN_UNGUARDED_AVAILABILITY = YES_AGGRESSIVE;
				CLANG_WARN_UNREACHABLE_CODE = YES;
				CLANG_WARN__DUPLICATE_METHOD_MATCH = YES;
				COPY_PHASE_STRIP = NO;
				DEBUG_INFORMATION_FORMAT = "dwarf-with-dsym";
				ENABLE_NS_ASSERTIONS = NO;
				ENABLE_STRICT_OBJC_MSGSEND = YES;
				ENABLE_USER_SCRIPT_SANDBOXING = YES;
				GCC_C_LANGUAGE_STANDARD = gnu17;
				GCC_NO_COMMON_BLOCKS = YES;
				GCC_WARN_64_TO_32_BIT_CONVERSION = YES;
				GCC_WARN_ABOUT_RETURN_TYPE = YES_ERROR;
				GCC_WARN_UNDECLARED_SELECTOR = YES;
				GCC_WARN_UNINITIALIZED_AUTOS = YES_AGGRESSIVE;
				GCC_WARN_UNUSED_FUNCTION = YES;
				GCC_WARN_UNUSED_VARIABLE = YES;
				IPHONEOS_DEPLOYMENT_TARGET = 17.0;
				LOCALIZATION_PREFERS_STRING_CATALOGS = YES;
				MTL_ENABLE_DEBUG_INFO = NO;
				MTL_FAST_MATH = YES;
				SDKROOT = iphoneos;
				SWIFT_COMPILATION_MODE = wholemodule;
				VALIDATE_PRODUCT = YES;
			};
			name = Release;
		};
		BE1AE8852AD3D65900F586CD /* Debug */ = {
			isa = XCBuildConfiguration;
			buildSettings = {
				ASSETCATALOG_COMPILER_APPICON_NAME = AppIcon;
				ASSETCATALOG_COMPILER_GLOBAL_ACCENT_COLOR_NAME = AccentColor;
				CLANG_ENABLE_MODULES = YES;
				CODE_SIGN_STYLE = Automatic;
				CURRENT_PROJECT_VERSION = 1;
				DEVELOPMENT_ASSET_PATHS = "\"macro2023/Preview Content\"";
				DEVELOPMENT_TEAM = ADCCQ7XPC3;
				ENABLE_PREVIEWS = YES;
				GENERATE_INFOPLIST_FILE = YES;
				INFOPLIST_KEY_NSCameraUsageDescription = "Some features needed camera to function properly";
				INFOPLIST_KEY_UIApplicationSceneManifest_Generation = YES;
				INFOPLIST_KEY_UIApplicationSupportsIndirectInputEvents = YES;
				INFOPLIST_KEY_UILaunchScreen_Generation = YES;
				INFOPLIST_KEY_UISupportedInterfaceOrientations = "UIInterfaceOrientationLandscapeLeft UIInterfaceOrientationLandscapeRight UIInterfaceOrientationPortrait";
				INFOPLIST_KEY_UISupportedInterfaceOrientations_iPad = UIInterfaceOrientationLandscapeRight;
				LD_RUNPATH_SEARCH_PATHS = (
					"$(inherited)",
					"@executable_path/Frameworks",
				);
				MARKETING_VERSION = 1.0;
				PRODUCT_BUNDLE_IDENTIFIER = com.dyahputrin.macro2023;
				PRODUCT_NAME = "$(TARGET_NAME)";
				SUPPORTED_PLATFORMS = "iphoneos iphonesimulator";
				SUPPORTS_MACCATALYST = NO;
				SWIFT_EMIT_LOC_STRINGS = YES;
				SWIFT_OBJC_BRIDGING_HEADER = "macro2023/macro2023-Bridging-Header.h";
				SWIFT_OPTIMIZATION_LEVEL = "-Onone";
				SWIFT_VERSION = 5.0;
				TARGETED_DEVICE_FAMILY = 2;
			};
			name = Debug;
		};
		BE1AE8862AD3D65900F586CD /* Release */ = {
			isa = XCBuildConfiguration;
			buildSettings = {
				ASSETCATALOG_COMPILER_APPICON_NAME = AppIcon;
				ASSETCATALOG_COMPILER_GLOBAL_ACCENT_COLOR_NAME = AccentColor;
				CLANG_ENABLE_MODULES = YES;
				CODE_SIGN_STYLE = Automatic;
				CURRENT_PROJECT_VERSION = 1;
				DEVELOPMENT_ASSET_PATHS = "\"macro2023/Preview Content\"";
				DEVELOPMENT_TEAM = ADCCQ7XPC3;
				ENABLE_PREVIEWS = YES;
				GENERATE_INFOPLIST_FILE = YES;
				INFOPLIST_KEY_NSCameraUsageDescription = "Some features needed camera to function properly";
				INFOPLIST_KEY_UIApplicationSceneManifest_Generation = YES;
				INFOPLIST_KEY_UIApplicationSupportsIndirectInputEvents = YES;
				INFOPLIST_KEY_UILaunchScreen_Generation = YES;
				INFOPLIST_KEY_UISupportedInterfaceOrientations = "UIInterfaceOrientationLandscapeLeft UIInterfaceOrientationLandscapeRight UIInterfaceOrientationPortrait";
				INFOPLIST_KEY_UISupportedInterfaceOrientations_iPad = UIInterfaceOrientationLandscapeRight;
				LD_RUNPATH_SEARCH_PATHS = (
					"$(inherited)",
					"@executable_path/Frameworks",
				);
				MARKETING_VERSION = 1.0;
				PRODUCT_BUNDLE_IDENTIFIER = com.dyahputrin.macro2023;
				PRODUCT_NAME = "$(TARGET_NAME)";
				SUPPORTED_PLATFORMS = "iphoneos iphonesimulator";
				SUPPORTS_MACCATALYST = NO;
				SWIFT_EMIT_LOC_STRINGS = YES;
				SWIFT_OBJC_BRIDGING_HEADER = "macro2023/macro2023-Bridging-Header.h";
				SWIFT_VERSION = 5.0;
				TARGETED_DEVICE_FAMILY = 2;
			};
			name = Release;
		};
/* End XCBuildConfiguration section */

/* Begin XCConfigurationList section */
		BE1AE8712AD3D65800F586CD /* Build configuration list for PBXProject "macro2023" */ = {
			isa = XCConfigurationList;
			buildConfigurations = (
				BE1AE8822AD3D65900F586CD /* Debug */,
				BE1AE8832AD3D65900F586CD /* Release */,
			);
			defaultConfigurationIsVisible = 0;
			defaultConfigurationName = Release;
		};
		BE1AE8842AD3D65900F586CD /* Build configuration list for PBXNativeTarget "macro2023" */ = {
			isa = XCConfigurationList;
			buildConfigurations = (
				BE1AE8852AD3D65900F586CD /* Debug */,
				BE1AE8862AD3D65900F586CD /* Release */,
			);
			defaultConfigurationIsVisible = 0;
			defaultConfigurationName = Release;
		};
/* End XCConfigurationList section */

/* Begin XCVersionGroup section */
		210C7FF02AD531C200E01229 /* Model.xcdatamodeld */ = {
			isa = XCVersionGroup;
			children = (
				210C7FF12AD531C200E01229 /* Model.xcdatamodel */,
			);
			currentVersion = 210C7FF12AD531C200E01229 /* Model.xcdatamodel */;
			path = Model.xcdatamodeld;
			sourceTree = "<group>";
			versionGroupType = wrapper.xcdatamodel;
		};
/* End XCVersionGroup section */
	};
	rootObject = BE1AE86E2AD3D65800F586CD /* Project object */;
}
